// !$*UTF8*$!
{
	archiveVersion = 1;
	classes = {
	};
	objectVersion = 46;
	objects = {

/* Begin PBXBuildFile section */
		1139F90E1AA9876300E7530C /* config.plist in Resources */ = {isa = PBXBuildFile; fileRef = 1139F90D1AA9876300E7530C /* config.plist */; };
		1139F90F1AA9876300E7530C /* config.plist in Resources */ = {isa = PBXBuildFile; fileRef = 1139F90D1AA9876300E7530C /* config.plist */; };
		1139F9781AA9A5BD00E7530C /* libb64.c in Sources */ = {isa = PBXBuildFile; fileRef = 1139F96E1AA9A5BD00E7530C /* libb64.c */; };
		1139F9791AA9A5BD00E7530C /* libb64.c in Sources */ = {isa = PBXBuildFile; fileRef = 1139F96E1AA9A5BD00E7530C /* libb64.c */; };
		1139F97A1AA9A5BD00E7530C /* CCSafety.cpp in Sources */ = {isa = PBXBuildFile; fileRef = 1139F9701AA9A5BD00E7530C /* CCSafety.cpp */; };
		1139F97B1AA9A5BD00E7530C /* CCSafety.cpp in Sources */ = {isa = PBXBuildFile; fileRef = 1139F9701AA9A5BD00E7530C /* CCSafety.cpp */; };
		1139F97C1AA9A5BD00E7530C /* md5.cpp in Sources */ = {isa = PBXBuildFile; fileRef = 1139F9731AA9A5BD00E7530C /* md5.cpp */; };
		1139F97D1AA9A5BD00E7530C /* md5.cpp in Sources */ = {isa = PBXBuildFile; fileRef = 1139F9731AA9A5BD00E7530C /* md5.cpp */; };
		1139F97E1AA9A5BD00E7530C /* sha1.cpp in Sources */ = {isa = PBXBuildFile; fileRef = 1139F9761AA9A5BD00E7530C /* sha1.cpp */; };
		1139F97F1AA9A5BD00E7530C /* sha1.cpp in Sources */ = {isa = PBXBuildFile; fileRef = 1139F9761AA9A5BD00E7530C /* sha1.cpp */; };
		1139F9831AA9B32D00E7530C /* md5String.cpp in Sources */ = {isa = PBXBuildFile; fileRef = 1139F9811AA9B32D00E7530C /* md5String.cpp */; };
		1139F9841AA9B32D00E7530C /* md5String.cpp in Sources */ = {isa = PBXBuildFile; fileRef = 1139F9811AA9B32D00E7530C /* md5String.cpp */; };
		1139F9871AA9B91E00E7530C /* LoginUtil.cpp in Sources */ = {isa = PBXBuildFile; fileRef = 1139F9851AA9B91E00E7530C /* LoginUtil.cpp */; };
		1139F9881AA9B91E00E7530C /* LoginUtil.cpp in Sources */ = {isa = PBXBuildFile; fileRef = 1139F9851AA9B91E00E7530C /* LoginUtil.cpp */; };
		11644DB01AB0A1450059ECE2 /* BoxMsg.pb.cpp in Sources */ = {isa = PBXBuildFile; fileRef = 11644DAC1AB0A1450059ECE2 /* BoxMsg.pb.cpp */; };
		11644DB11AB0A1450059ECE2 /* BoxMsg.pb.cpp in Sources */ = {isa = PBXBuildFile; fileRef = 11644DAC1AB0A1450059ECE2 /* BoxMsg.pb.cpp */; };
		11644DB21AB0A1450059ECE2 /* HangupInfo.pb.cpp in Sources */ = {isa = PBXBuildFile; fileRef = 11644DAE1AB0A1450059ECE2 /* HangupInfo.pb.cpp */; };
		11644DB31AB0A1450059ECE2 /* HangupInfo.pb.cpp in Sources */ = {isa = PBXBuildFile; fileRef = 11644DAE1AB0A1450059ECE2 /* HangupInfo.pb.cpp */; };
		117BC6171AB17E9700710C09 /* db in Resources */ = {isa = PBXBuildFile; fileRef = 117BC6161AB17E9700710C09 /* db */; };
		117BC6181AB17E9700710C09 /* db in Resources */ = {isa = PBXBuildFile; fileRef = 117BC6161AB17E9700710C09 /* db */; };
		117BC6F61AB1849900710C09 /* HLStringUtil.cpp in Sources */ = {isa = PBXBuildFile; fileRef = 117BC6F41AB1849900710C09 /* HLStringUtil.cpp */; };
		117BC6F71AB1849900710C09 /* HLStringUtil.cpp in Sources */ = {isa = PBXBuildFile; fileRef = 117BC6F41AB1849900710C09 /* HLStringUtil.cpp */; };
		117BC6FB1AB18F3000710C09 /* libsqlite3.0.dylib in Frameworks */ = {isa = PBXBuildFile; fileRef = 117BC6FA1AB18F3000710C09 /* libsqlite3.0.dylib */; };
		117BC6FD1AB18F9100710C09 /* DataBaseHelper.cpp in Sources */ = {isa = PBXBuildFile; fileRef = 117BC6FC1AB18F9100710C09 /* DataBaseHelper.cpp */; };
		117BC6FE1AB18F9100710C09 /* DataBaseHelper.cpp in Sources */ = {isa = PBXBuildFile; fileRef = 117BC6FC1AB18F9100710C09 /* DataBaseHelper.cpp */; };
		117BC70D1AB1C18B00710C09 /* libsqlite3.dylib in Frameworks */ = {isa = PBXBuildFile; fileRef = 117BC70C1AB1C18B00710C09 /* libsqlite3.dylib */; };
		1199D98E1AC2D6620091EAA2 /* CustomRootNode.cpp in Sources */ = {isa = PBXBuildFile; fileRef = 1199D98C1AC2D6620091EAA2 /* CustomRootNode.cpp */; };
		1199D98F1AC2D6620091EAA2 /* CustomRootNode.cpp in Sources */ = {isa = PBXBuildFile; fileRef = 1199D98C1AC2D6620091EAA2 /* CustomRootNode.cpp */; };
		1199D9971AC2D6990091EAA2 /* CustomRootNodeReader.cpp in Sources */ = {isa = PBXBuildFile; fileRef = 1199D9951AC2D6990091EAA2 /* CustomRootNodeReader.cpp */; };
		1199D9981AC2D6990091EAA2 /* CustomRootNodeReader.cpp in Sources */ = {isa = PBXBuildFile; fileRef = 1199D9951AC2D6990091EAA2 /* CustomRootNodeReader.cpp */; };
		11AF13081AB0205800EFCEAE /* BoxMsg.proto in Resources */ = {isa = PBXBuildFile; fileRef = 11AF12FD1AB0205800EFCEAE /* BoxMsg.proto */; };
		11AF13091AB0205800EFCEAE /* BoxMsg.proto in Resources */ = {isa = PBXBuildFile; fileRef = 11AF12FD1AB0205800EFCEAE /* BoxMsg.proto */; };
		11AF130C1AB0205800EFCEAE /* HangupInfo.proto in Resources */ = {isa = PBXBuildFile; fileRef = 11AF13001AB0205800EFCEAE /* HangupInfo.proto */; };
		11AF130D1AB0205800EFCEAE /* HangupInfo.proto in Resources */ = {isa = PBXBuildFile; fileRef = 11AF13001AB0205800EFCEAE /* HangupInfo.proto */; };
		11AF13101AB0221B00EFCEAE /* libprotobuff-lite-ios.a in Frameworks */ = {isa = PBXBuildFile; fileRef = 11AF12F21AB01FE200EFCEAE /* libprotobuff-lite-ios.a */; };
		11AF13111AB0222300EFCEAE /* libprotobuff-lite-mac.a in Frameworks */ = {isa = PBXBuildFile; fileRef = 11AF12F41AB01FE200EFCEAE /* libprotobuff-lite-mac.a */; };
		11F78DC91AA80F74008034E5 /* LoginViewScene.cpp in Sources */ = {isa = PBXBuildFile; fileRef = 11F78DC71AA80F74008034E5 /* LoginViewScene.cpp */; };
		11F78DCA1AA80F74008034E5 /* LoginViewScene.cpp in Sources */ = {isa = PBXBuildFile; fileRef = 11F78DC71AA80F74008034E5 /* LoginViewScene.cpp */; };
		1AC6FB21180E996B004C840B /* libcocos2d Mac.a in Frameworks */ = {isa = PBXBuildFile; fileRef = 1AC6FAF9180E9839004C840B /* libcocos2d Mac.a */; };
		1AC6FB30180E99EB004C840B /* libcocos2d iOS.a in Frameworks */ = {isa = PBXBuildFile; fileRef = 1AC6FB07180E9839004C840B /* libcocos2d iOS.a */; };
		1D60589F0D05DD5A006BFB54 /* Foundation.framework in Frameworks */ = {isa = PBXBuildFile; fileRef = 1D30AB110D05D00D00671497 /* Foundation.framework */; };
		1DF5F4E00D08C38300B7A737 /* UIKit.framework in Frameworks */ = {isa = PBXBuildFile; fileRef = 1DF5F4DF0D08C38300B7A737 /* UIKit.framework */; };
		288765A50DF7441C002DB57D /* CoreGraphics.framework in Frameworks */ = {isa = PBXBuildFile; fileRef = 288765A40DF7441C002DB57D /* CoreGraphics.framework */; };
		3EACC98F19EE6D4300EB3C5E /* res in Resources */ = {isa = PBXBuildFile; fileRef = 3EACC98E19EE6D4300EB3C5E /* res */; };
		3EACC99019EE6D4300EB3C5E /* res in Resources */ = {isa = PBXBuildFile; fileRef = 3EACC98E19EE6D4300EB3C5E /* res */; };
		46880B7B19C43A67006E1F66 /* CloseNormal.png in Resources */ = {isa = PBXBuildFile; fileRef = 46880B7619C43A67006E1F66 /* CloseNormal.png */; };
		46880B7C19C43A67006E1F66 /* CloseNormal.png in Resources */ = {isa = PBXBuildFile; fileRef = 46880B7619C43A67006E1F66 /* CloseNormal.png */; };
		46880B7D19C43A67006E1F66 /* CloseSelected.png in Resources */ = {isa = PBXBuildFile; fileRef = 46880B7719C43A67006E1F66 /* CloseSelected.png */; };
		46880B7E19C43A67006E1F66 /* CloseSelected.png in Resources */ = {isa = PBXBuildFile; fileRef = 46880B7719C43A67006E1F66 /* CloseSelected.png */; };
		46880B8119C43A67006E1F66 /* HelloWorld.png in Resources */ = {isa = PBXBuildFile; fileRef = 46880B7A19C43A67006E1F66 /* HelloWorld.png */; };
		46880B8219C43A67006E1F66 /* HelloWorld.png in Resources */ = {isa = PBXBuildFile; fileRef = 46880B7A19C43A67006E1F66 /* HelloWorld.png */; };
		46880B8819C43A87006E1F66 /* AppDelegate.cpp in Sources */ = {isa = PBXBuildFile; fileRef = 46880B8419C43A87006E1F66 /* AppDelegate.cpp */; };
		46880B8919C43A87006E1F66 /* AppDelegate.cpp in Sources */ = {isa = PBXBuildFile; fileRef = 46880B8419C43A87006E1F66 /* AppDelegate.cpp */; };
		503AE0F817EB97AB00D1A890 /* Icon.icns in Resources */ = {isa = PBXBuildFile; fileRef = 503AE0F617EB97AB00D1A890 /* Icon.icns */; };
		503AE10017EB989F00D1A890 /* AppController.mm in Sources */ = {isa = PBXBuildFile; fileRef = 503AE0FB17EB989F00D1A890 /* AppController.mm */; };
		503AE10117EB989F00D1A890 /* main.m in Sources */ = {isa = PBXBuildFile; fileRef = 503AE0FC17EB989F00D1A890 /* main.m */; };
		503AE10217EB989F00D1A890 /* RootViewController.mm in Sources */ = {isa = PBXBuildFile; fileRef = 503AE0FF17EB989F00D1A890 /* RootViewController.mm */; };
		503AE10517EB98FF00D1A890 /* main.cpp in Sources */ = {isa = PBXBuildFile; fileRef = 503AE10317EB98FF00D1A890 /* main.cpp */; };
		503AE11B17EB9C5A00D1A890 /* IOKit.framework in Frameworks */ = {isa = PBXBuildFile; fileRef = 503AE11A17EB9C5A00D1A890 /* IOKit.framework */; };
		5087E76317EB910900C73F5D /* Foundation.framework in Frameworks */ = {isa = PBXBuildFile; fileRef = 1D30AB110D05D00D00671497 /* Foundation.framework */; };
		5087E76717EB910900C73F5D /* libz.dylib in Frameworks */ = {isa = PBXBuildFile; fileRef = BF170DB412928DE900B8313A /* libz.dylib */; };
		5087E76817EB910900C73F5D /* QuartzCore.framework in Frameworks */ = {isa = PBXBuildFile; fileRef = BF1C47EA1293683800B63C5D /* QuartzCore.framework */; };
		5087E76917EB910900C73F5D /* OpenAL.framework in Frameworks */ = {isa = PBXBuildFile; fileRef = D44C620B132DFF330009C878 /* OpenAL.framework */; };
		5087E76A17EB910900C73F5D /* AVFoundation.framework in Frameworks */ = {isa = PBXBuildFile; fileRef = D44C620D132DFF430009C878 /* AVFoundation.framework */; };
		5087E76B17EB910900C73F5D /* AudioToolbox.framework in Frameworks */ = {isa = PBXBuildFile; fileRef = D44C620F132DFF4E0009C878 /* AudioToolbox.framework */; };
		5087E77D17EB970100C73F5D /* Default-568h@2x.png in Resources */ = {isa = PBXBuildFile; fileRef = 5087E77217EB970100C73F5D /* Default-568h@2x.png */; };
		5087E77E17EB970100C73F5D /* Default.png in Resources */ = {isa = PBXBuildFile; fileRef = 5087E77317EB970100C73F5D /* Default.png */; };
		5087E77F17EB970100C73F5D /* Default@2x.png in Resources */ = {isa = PBXBuildFile; fileRef = 5087E77417EB970100C73F5D /* Default@2x.png */; };
		5087E78017EB970100C73F5D /* Icon-114.png in Resources */ = {isa = PBXBuildFile; fileRef = 5087E77517EB970100C73F5D /* Icon-114.png */; };
		5087E78117EB970100C73F5D /* Icon-120.png in Resources */ = {isa = PBXBuildFile; fileRef = 5087E77617EB970100C73F5D /* Icon-120.png */; };
		5087E78217EB970100C73F5D /* Icon-144.png in Resources */ = {isa = PBXBuildFile; fileRef = 5087E77717EB970100C73F5D /* Icon-144.png */; };
		5087E78317EB970100C73F5D /* Icon-152.png in Resources */ = {isa = PBXBuildFile; fileRef = 5087E77817EB970100C73F5D /* Icon-152.png */; };
		5087E78417EB970100C73F5D /* Icon-57.png in Resources */ = {isa = PBXBuildFile; fileRef = 5087E77917EB970100C73F5D /* Icon-57.png */; };
		5087E78517EB970100C73F5D /* Icon-72.png in Resources */ = {isa = PBXBuildFile; fileRef = 5087E77A17EB970100C73F5D /* Icon-72.png */; };
		5087E78617EB970100C73F5D /* Icon-76.png in Resources */ = {isa = PBXBuildFile; fileRef = 5087E77B17EB970100C73F5D /* Icon-76.png */; };
		5087E78917EB974C00C73F5D /* AppKit.framework in Frameworks */ = {isa = PBXBuildFile; fileRef = 5087E78817EB974C00C73F5D /* AppKit.framework */; };
		5087E78B17EB975400C73F5D /* OpenGL.framework in Frameworks */ = {isa = PBXBuildFile; fileRef = 5087E78A17EB975400C73F5D /* OpenGL.framework */; };
		50EF629617ECD46A001EB2F8 /* Icon-40.png in Resources */ = {isa = PBXBuildFile; fileRef = 50EF629217ECD46A001EB2F8 /* Icon-40.png */; };
		50EF629717ECD46A001EB2F8 /* Icon-58.png in Resources */ = {isa = PBXBuildFile; fileRef = 50EF629317ECD46A001EB2F8 /* Icon-58.png */; };
		50EF629817ECD46A001EB2F8 /* Icon-80.png in Resources */ = {isa = PBXBuildFile; fileRef = 50EF629417ECD46A001EB2F8 /* Icon-80.png */; };
		50EF629917ECD46A001EB2F8 /* Icon-100.png in Resources */ = {isa = PBXBuildFile; fileRef = 50EF629517ECD46A001EB2F8 /* Icon-100.png */; };
		50EF62A217ECD613001EB2F8 /* Icon-29.png in Resources */ = {isa = PBXBuildFile; fileRef = 50EF62A017ECD613001EB2F8 /* Icon-29.png */; };
		50EF62A317ECD613001EB2F8 /* Icon-50.png in Resources */ = {isa = PBXBuildFile; fileRef = 50EF62A117ECD613001EB2F8 /* Icon-50.png */; };
		521A8E6419F0C34300D177D7 /* Default-667h@2x.png in Resources */ = {isa = PBXBuildFile; fileRef = 521A8E6219F0C34300D177D7 /* Default-667h@2x.png */; };
		521A8E6519F0C34300D177D7 /* Default-736h@3x.png in Resources */ = {isa = PBXBuildFile; fileRef = 521A8E6319F0C34300D177D7 /* Default-736h@3x.png */; };
		521A8EA919F11F5000D177D7 /* fonts in Resources */ = {isa = PBXBuildFile; fileRef = 521A8EA819F11F5000D177D7 /* fonts */; };
		521A8EAA19F11F5000D177D7 /* fonts in Resources */ = {isa = PBXBuildFile; fileRef = 521A8EA819F11F5000D177D7 /* fonts */; };
		52B47A471A53D09C004E4C60 /* Security.framework in Frameworks */ = {isa = PBXBuildFile; fileRef = 52B47A461A53D09B004E4C60 /* Security.framework */; };
		BF171245129291EC00B8313A /* OpenGLES.framework in Frameworks */ = {isa = PBXBuildFile; fileRef = BF170DB012928DE900B8313A /* OpenGLES.framework */; };
		BF1712471292920000B8313A /* libz.dylib in Frameworks */ = {isa = PBXBuildFile; fileRef = BF170DB412928DE900B8313A /* libz.dylib */; };
		BF1C47F01293687400B63C5D /* QuartzCore.framework in Frameworks */ = {isa = PBXBuildFile; fileRef = BF1C47EA1293683800B63C5D /* QuartzCore.framework */; };
		D44C620C132DFF330009C878 /* OpenAL.framework in Frameworks */ = {isa = PBXBuildFile; fileRef = D44C620B132DFF330009C878 /* OpenAL.framework */; };
		D44C620E132DFF430009C878 /* AVFoundation.framework in Frameworks */ = {isa = PBXBuildFile; fileRef = D44C620D132DFF430009C878 /* AVFoundation.framework */; };
		D44C6210132DFF4E0009C878 /* AudioToolbox.framework in Frameworks */ = {isa = PBXBuildFile; fileRef = D44C620F132DFF4E0009C878 /* AudioToolbox.framework */; };
		D6B0611B1803AB670077942B /* CoreMotion.framework in Frameworks */ = {isa = PBXBuildFile; fileRef = D6B0611A1803AB670077942B /* CoreMotion.framework */; };
/* End PBXBuildFile section */

/* Begin PBXContainerItemProxy section */
		11644DAA1AB0A1390059ECE2 /* PBXContainerItemProxy */ = {
			isa = PBXContainerItemProxy;
			containerPortal = 11AF12E61AB01FE100EFCEAE /* protoc.xcodeproj */;
			proxyType = 2;
			remoteGlobalIDString = 11AF131B1AB0713300EFCEAE;
			remoteInfo = protoc;
		};
		11AF12ED1AB01FE200EFCEAE /* PBXContainerItemProxy */ = {
			isa = PBXContainerItemProxy;
			containerPortal = 11AF12E61AB01FE100EFCEAE /* protoc.xcodeproj */;
			proxyType = 2;
			remoteGlobalIDString = 11F88F5B1AAF4C3E00708352;
			remoteInfo = "protobuff-full-mac";
		};
		11AF12EF1AB01FE200EFCEAE /* PBXContainerItemProxy */ = {
			isa = PBXContainerItemProxy;
			containerPortal = 11AF12E61AB01FE100EFCEAE /* protoc.xcodeproj */;
			proxyType = 2;
			remoteGlobalIDString = 11F891121AAF4DDE00708352;
			remoteInfo = "protobuff-full-ios";
		};
		11AF12F11AB01FE200EFCEAE /* PBXContainerItemProxy */ = {
			isa = PBXContainerItemProxy;
			containerPortal = 11AF12E61AB01FE100EFCEAE /* protoc.xcodeproj */;
			proxyType = 2;
			remoteGlobalIDString = 11F891781AAF50F200708352;
			remoteInfo = "protobuff-lite-ios";
		};
		11AF12F31AB01FE200EFCEAE /* PBXContainerItemProxy */ = {
			isa = PBXContainerItemProxy;
			containerPortal = 11AF12E61AB01FE100EFCEAE /* protoc.xcodeproj */;
			proxyType = 2;
			remoteGlobalIDString = 11F891801AAF510A00708352;
			remoteInfo = "protobuff-lite-mac";
		};
		1AC6FAF8180E9839004C840B /* PBXContainerItemProxy */ = {
			isa = PBXContainerItemProxy;
			containerPortal = 1AC6FAE5180E9839004C840B /* cocos2d_libs.xcodeproj */;
			proxyType = 2;
			remoteGlobalIDString = 1551A33F158F2AB200E66CFE;
			remoteInfo = "cocos2dx Mac";
		};
		1AC6FB06180E9839004C840B /* PBXContainerItemProxy */ = {
			isa = PBXContainerItemProxy;
			containerPortal = 1AC6FAE5180E9839004C840B /* cocos2d_libs.xcodeproj */;
			proxyType = 2;
			remoteGlobalIDString = A07A4D641783777C0073F6A7;
			remoteInfo = "cocos2dx iOS";
		};
		1AC6FB15180E9959004C840B /* PBXContainerItemProxy */ = {
			isa = PBXContainerItemProxy;
			containerPortal = 1AC6FAE5180E9839004C840B /* cocos2d_libs.xcodeproj */;
			proxyType = 1;
			remoteGlobalIDString = 1551A33E158F2AB200E66CFE;
			remoteInfo = "cocos2dx Mac";
		};
		1AC6FB24180E99E1004C840B /* PBXContainerItemProxy */ = {
			isa = PBXContainerItemProxy;
			containerPortal = 1AC6FAE5180E9839004C840B /* cocos2d_libs.xcodeproj */;
			proxyType = 1;
			remoteGlobalIDString = A07A4C241783777C0073F6A7;
			remoteInfo = "cocos2dx iOS";
		};
/* End PBXContainerItemProxy section */

/* Begin PBXFileReference section */
		1139F90D1AA9876300E7530C /* config.plist */ = {isa = PBXFileReference; fileEncoding = 4; lastKnownFileType = text.plist.xml; path = config.plist; sourceTree = "<group>"; };
		1139F9111AA98DD800E7530C /* CommonDefine.h */ = {isa = PBXFileReference; fileEncoding = 4; lastKnownFileType = sourcecode.c.h; path = CommonDefine.h; sourceTree = "<group>"; };
		1139F96E1AA9A5BD00E7530C /* libb64.c */ = {isa = PBXFileReference; fileEncoding = 4; lastKnownFileType = sourcecode.c.c; path = libb64.c; sourceTree = "<group>"; };
		1139F96F1AA9A5BD00E7530C /* libb64.h */ = {isa = PBXFileReference; fileEncoding = 4; lastKnownFileType = sourcecode.c.h; path = libb64.h; sourceTree = "<group>"; };
		1139F9701AA9A5BD00E7530C /* CCSafety.cpp */ = {isa = PBXFileReference; fileEncoding = 4; lastKnownFileType = sourcecode.cpp.cpp; path = CCSafety.cpp; sourceTree = "<group>"; };
		1139F9711AA9A5BD00E7530C /* CCSafety.h */ = {isa = PBXFileReference; fileEncoding = 4; lastKnownFileType = sourcecode.c.h; path = CCSafety.h; sourceTree = "<group>"; };
		1139F9731AA9A5BD00E7530C /* md5.cpp */ = {isa = PBXFileReference; fileEncoding = 4; lastKnownFileType = sourcecode.cpp.cpp; path = md5.cpp; sourceTree = "<group>"; };
		1139F9741AA9A5BD00E7530C /* md5.h */ = {isa = PBXFileReference; fileEncoding = 4; lastKnownFileType = sourcecode.c.h; path = md5.h; sourceTree = "<group>"; };
		1139F9761AA9A5BD00E7530C /* sha1.cpp */ = {isa = PBXFileReference; fileEncoding = 4; lastKnownFileType = sourcecode.cpp.cpp; path = sha1.cpp; sourceTree = "<group>"; };
		1139F9771AA9A5BD00E7530C /* sha1.h */ = {isa = PBXFileReference; fileEncoding = 4; lastKnownFileType = sourcecode.c.h; path = sha1.h; sourceTree = "<group>"; };
		1139F9801AA9AAF800E7530C /* URL.h */ = {isa = PBXFileReference; fileEncoding = 4; lastKnownFileType = sourcecode.c.h; path = URL.h; sourceTree = "<group>"; };
		1139F9811AA9B32D00E7530C /* md5String.cpp */ = {isa = PBXFileReference; fileEncoding = 4; lastKnownFileType = sourcecode.cpp.cpp; path = md5String.cpp; sourceTree = "<group>"; };
		1139F9821AA9B32D00E7530C /* md5String.h */ = {isa = PBXFileReference; fileEncoding = 4; lastKnownFileType = sourcecode.c.h; path = md5String.h; sourceTree = "<group>"; };
		1139F9851AA9B91E00E7530C /* LoginUtil.cpp */ = {isa = PBXFileReference; fileEncoding = 4; lastKnownFileType = sourcecode.cpp.cpp; path = LoginUtil.cpp; sourceTree = "<group>"; };
		1139F9861AA9B91E00E7530C /* LoginUtil.h */ = {isa = PBXFileReference; fileEncoding = 4; lastKnownFileType = sourcecode.c.h; path = LoginUtil.h; sourceTree = "<group>"; };
		1139F9891AA9BBA400E7530C /* HLSingleton.h */ = {isa = PBXFileReference; fileEncoding = 4; lastKnownFileType = sourcecode.c.h; name = HLSingleton.h; path = Common/HLSingleton.h; sourceTree = "<group>"; };
		11644DAC1AB0A1450059ECE2 /* BoxMsg.pb.cpp */ = {isa = PBXFileReference; fileEncoding = 4; lastKnownFileType = sourcecode.cpp.cpp; path = BoxMsg.pb.cpp; sourceTree = "<group>"; };
		11644DAD1AB0A1450059ECE2 /* BoxMsg.pb.h */ = {isa = PBXFileReference; fileEncoding = 4; lastKnownFileType = sourcecode.c.h; path = BoxMsg.pb.h; sourceTree = "<group>"; };
		11644DAE1AB0A1450059ECE2 /* HangupInfo.pb.cpp */ = {isa = PBXFileReference; fileEncoding = 4; lastKnownFileType = sourcecode.cpp.cpp; path = HangupInfo.pb.cpp; sourceTree = "<group>"; };
		11644DAF1AB0A1450059ECE2 /* HangupInfo.pb.h */ = {isa = PBXFileReference; fileEncoding = 4; lastKnownFileType = sourcecode.c.h; path = HangupInfo.pb.h; sourceTree = "<group>"; };
		117B7A5A1AC4FEEC00DC153D /* aes.h */ = {isa = PBXFileReference; fileEncoding = 4; lastKnownFileType = sourcecode.c.h; path = aes.h; sourceTree = "<group>"; };
		117B7A5B1AC4FEEC00DC153D /* asn1.h */ = {isa = PBXFileReference; fileEncoding = 4; lastKnownFileType = sourcecode.c.h; path = asn1.h; sourceTree = "<group>"; };
		117B7A5C1AC4FEEC00DC153D /* asn1_mac.h */ = {isa = PBXFileReference; fileEncoding = 4; lastKnownFileType = sourcecode.c.h; path = asn1_mac.h; sourceTree = "<group>"; };
		117B7A5D1AC4FEEC00DC153D /* asn1t.h */ = {isa = PBXFileReference; fileEncoding = 4; lastKnownFileType = sourcecode.c.h; path = asn1t.h; sourceTree = "<group>"; };
		117B7A5E1AC4FEEC00DC153D /* bio.h */ = {isa = PBXFileReference; fileEncoding = 4; lastKnownFileType = sourcecode.c.h; path = bio.h; sourceTree = "<group>"; };
		117B7A5F1AC4FEEC00DC153D /* blowfish.h */ = {isa = PBXFileReference; fileEncoding = 4; lastKnownFileType = sourcecode.c.h; path = blowfish.h; sourceTree = "<group>"; };
		117B7A601AC4FEEC00DC153D /* bn.h */ = {isa = PBXFileReference; fileEncoding = 4; lastKnownFileType = sourcecode.c.h; path = bn.h; sourceTree = "<group>"; };
		117B7A611AC4FEEC00DC153D /* buffer.h */ = {isa = PBXFileReference; fileEncoding = 4; lastKnownFileType = sourcecode.c.h; path = buffer.h; sourceTree = "<group>"; };
		117B7A621AC4FEEC00DC153D /* camellia.h */ = {isa = PBXFileReference; fileEncoding = 4; lastKnownFileType = sourcecode.c.h; path = camellia.h; sourceTree = "<group>"; };
		117B7A631AC4FEEC00DC153D /* cast.h */ = {isa = PBXFileReference; fileEncoding = 4; lastKnownFileType = sourcecode.c.h; path = cast.h; sourceTree = "<group>"; };
		117B7A641AC4FEEC00DC153D /* cmac.h */ = {isa = PBXFileReference; fileEncoding = 4; lastKnownFileType = sourcecode.c.h; path = cmac.h; sourceTree = "<group>"; };
		117B7A651AC4FEEC00DC153D /* comp.h */ = {isa = PBXFileReference; fileEncoding = 4; lastKnownFileType = sourcecode.c.h; path = comp.h; sourceTree = "<group>"; };
		117B7A661AC4FEEC00DC153D /* conf.h */ = {isa = PBXFileReference; fileEncoding = 4; lastKnownFileType = sourcecode.c.h; path = conf.h; sourceTree = "<group>"; };
		117B7A671AC4FEEC00DC153D /* conf_api.h */ = {isa = PBXFileReference; fileEncoding = 4; lastKnownFileType = sourcecode.c.h; path = conf_api.h; sourceTree = "<group>"; };
		117B7A681AC4FEEC00DC153D /* crypto.h */ = {isa = PBXFileReference; fileEncoding = 4; lastKnownFileType = sourcecode.c.h; path = crypto.h; sourceTree = "<group>"; };
		117B7A691AC4FEEC00DC153D /* des.h */ = {isa = PBXFileReference; fileEncoding = 4; lastKnownFileType = sourcecode.c.h; path = des.h; sourceTree = "<group>"; };
		117B7A6A1AC4FEEC00DC153D /* des_old.h */ = {isa = PBXFileReference; fileEncoding = 4; lastKnownFileType = sourcecode.c.h; path = des_old.h; sourceTree = "<group>"; };
		117B7A6B1AC4FEEC00DC153D /* dh.h */ = {isa = PBXFileReference; fileEncoding = 4; lastKnownFileType = sourcecode.c.h; path = dh.h; sourceTree = "<group>"; };
		117B7A6C1AC4FEEC00DC153D /* dsa.h */ = {isa = PBXFileReference; fileEncoding = 4; lastKnownFileType = sourcecode.c.h; path = dsa.h; sourceTree = "<group>"; };
		117B7A6D1AC4FEEC00DC153D /* dso.h */ = {isa = PBXFileReference; fileEncoding = 4; lastKnownFileType = sourcecode.c.h; path = dso.h; sourceTree = "<group>"; };
		117B7A6E1AC4FEEC00DC153D /* dtls1.h */ = {isa = PBXFileReference; fileEncoding = 4; lastKnownFileType = sourcecode.c.h; path = dtls1.h; sourceTree = "<group>"; };
		117B7A6F1AC4FEEC00DC153D /* e_os2.h */ = {isa = PBXFileReference; fileEncoding = 4; lastKnownFileType = sourcecode.c.h; path = e_os2.h; sourceTree = "<group>"; };
		117B7A701AC4FEEC00DC153D /* ebcdic.h */ = {isa = PBXFileReference; fileEncoding = 4; lastKnownFileType = sourcecode.c.h; path = ebcdic.h; sourceTree = "<group>"; };
		117B7A711AC4FEEC00DC153D /* ec.h */ = {isa = PBXFileReference; fileEncoding = 4; lastKnownFileType = sourcecode.c.h; path = ec.h; sourceTree = "<group>"; };
		117B7A721AC4FEEC00DC153D /* ecdh.h */ = {isa = PBXFileReference; fileEncoding = 4; lastKnownFileType = sourcecode.c.h; path = ecdh.h; sourceTree = "<group>"; };
		117B7A731AC4FEEC00DC153D /* ecdsa.h */ = {isa = PBXFileReference; fileEncoding = 4; lastKnownFileType = sourcecode.c.h; path = ecdsa.h; sourceTree = "<group>"; };
		117B7A741AC4FEEC00DC153D /* engine.h */ = {isa = PBXFileReference; fileEncoding = 4; lastKnownFileType = sourcecode.c.h; path = engine.h; sourceTree = "<group>"; };
		117B7A751AC4FEEC00DC153D /* err.h */ = {isa = PBXFileReference; fileEncoding = 4; lastKnownFileType = sourcecode.c.h; path = err.h; sourceTree = "<group>"; };
		117B7A761AC4FEEC00DC153D /* evp.h */ = {isa = PBXFileReference; fileEncoding = 4; lastKnownFileType = sourcecode.c.h; path = evp.h; sourceTree = "<group>"; };
		117B7A771AC4FEEC00DC153D /* hmac.h */ = {isa = PBXFileReference; fileEncoding = 4; lastKnownFileType = sourcecode.c.h; path = hmac.h; sourceTree = "<group>"; };
		117B7A781AC4FEEC00DC153D /* idea.h */ = {isa = PBXFileReference; fileEncoding = 4; lastKnownFileType = sourcecode.c.h; path = idea.h; sourceTree = "<group>"; };
		117B7A791AC4FEEC00DC153D /* krb5_asn.h */ = {isa = PBXFileReference; fileEncoding = 4; lastKnownFileType = sourcecode.c.h; path = krb5_asn.h; sourceTree = "<group>"; };
		117B7A7A1AC4FEEC00DC153D /* kssl.h */ = {isa = PBXFileReference; fileEncoding = 4; lastKnownFileType = sourcecode.c.h; path = kssl.h; sourceTree = "<group>"; };
		117B7A7B1AC4FEEC00DC153D /* lhash.h */ = {isa = PBXFileReference; fileEncoding = 4; lastKnownFileType = sourcecode.c.h; path = lhash.h; sourceTree = "<group>"; };
		117B7A7C1AC4FEEC00DC153D /* md4.h */ = {isa = PBXFileReference; fileEncoding = 4; lastKnownFileType = sourcecode.c.h; path = md4.h; sourceTree = "<group>"; };
		117B7A7D1AC4FEEC00DC153D /* md5.h */ = {isa = PBXFileReference; fileEncoding = 4; lastKnownFileType = sourcecode.c.h; path = md5.h; sourceTree = "<group>"; };
		117B7A7E1AC4FEEC00DC153D /* mdc2.h */ = {isa = PBXFileReference; fileEncoding = 4; lastKnownFileType = sourcecode.c.h; path = mdc2.h; sourceTree = "<group>"; };
		117B7A7F1AC4FEEC00DC153D /* modes.h */ = {isa = PBXFileReference; fileEncoding = 4; lastKnownFileType = sourcecode.c.h; path = modes.h; sourceTree = "<group>"; };
		117B7A801AC4FEEC00DC153D /* obj_mac.h */ = {isa = PBXFileReference; fileEncoding = 4; lastKnownFileType = sourcecode.c.h; path = obj_mac.h; sourceTree = "<group>"; };
		117B7A811AC4FEEC00DC153D /* objects.h */ = {isa = PBXFileReference; fileEncoding = 4; lastKnownFileType = sourcecode.c.h; path = objects.h; sourceTree = "<group>"; };
		117B7A821AC4FEEC00DC153D /* ocsp.h */ = {isa = PBXFileReference; fileEncoding = 4; lastKnownFileType = sourcecode.c.h; path = ocsp.h; sourceTree = "<group>"; };
		117B7A831AC4FEEC00DC153D /* opensslconf.h */ = {isa = PBXFileReference; fileEncoding = 4; lastKnownFileType = sourcecode.c.h; path = opensslconf.h; sourceTree = "<group>"; };
		117B7A841AC4FEEC00DC153D /* opensslv.h */ = {isa = PBXFileReference; fileEncoding = 4; lastKnownFileType = sourcecode.c.h; path = opensslv.h; sourceTree = "<group>"; };
		117B7A851AC4FEEC00DC153D /* ossl_typ.h */ = {isa = PBXFileReference; fileEncoding = 4; lastKnownFileType = sourcecode.c.h; path = ossl_typ.h; sourceTree = "<group>"; };
		117B7A861AC4FEEC00DC153D /* pem.h */ = {isa = PBXFileReference; fileEncoding = 4; lastKnownFileType = sourcecode.c.h; path = pem.h; sourceTree = "<group>"; };
		117B7A871AC4FEEC00DC153D /* pem2.h */ = {isa = PBXFileReference; fileEncoding = 4; lastKnownFileType = sourcecode.c.h; path = pem2.h; sourceTree = "<group>"; };
		117B7A881AC4FEEC00DC153D /* pkcs12.h */ = {isa = PBXFileReference; fileEncoding = 4; lastKnownFileType = sourcecode.c.h; path = pkcs12.h; sourceTree = "<group>"; };
		117B7A891AC4FEEC00DC153D /* pkcs7.h */ = {isa = PBXFileReference; fileEncoding = 4; lastKnownFileType = sourcecode.c.h; path = pkcs7.h; sourceTree = "<group>"; };
		117B7A8A1AC4FEEC00DC153D /* pqueue.h */ = {isa = PBXFileReference; fileEncoding = 4; lastKnownFileType = sourcecode.c.h; path = pqueue.h; sourceTree = "<group>"; };
		117B7A8B1AC4FEEC00DC153D /* rand.h */ = {isa = PBXFileReference; fileEncoding = 4; lastKnownFileType = sourcecode.c.h; path = rand.h; sourceTree = "<group>"; };
		117B7A8C1AC4FEEC00DC153D /* rc2.h */ = {isa = PBXFileReference; fileEncoding = 4; lastKnownFileType = sourcecode.c.h; path = rc2.h; sourceTree = "<group>"; };
		117B7A8D1AC4FEEC00DC153D /* rc4.h */ = {isa = PBXFileReference; fileEncoding = 4; lastKnownFileType = sourcecode.c.h; path = rc4.h; sourceTree = "<group>"; };
		117B7A8E1AC4FEEC00DC153D /* ripemd.h */ = {isa = PBXFileReference; fileEncoding = 4; lastKnownFileType = sourcecode.c.h; path = ripemd.h; sourceTree = "<group>"; };
		117B7A8F1AC4FEEC00DC153D /* rsa.h */ = {isa = PBXFileReference; fileEncoding = 4; lastKnownFileType = sourcecode.c.h; path = rsa.h; sourceTree = "<group>"; };
		117B7A901AC4FEEC00DC153D /* safestack.h */ = {isa = PBXFileReference; fileEncoding = 4; lastKnownFileType = sourcecode.c.h; path = safestack.h; sourceTree = "<group>"; };
		117B7A911AC4FEEC00DC153D /* seed.h */ = {isa = PBXFileReference; fileEncoding = 4; lastKnownFileType = sourcecode.c.h; path = seed.h; sourceTree = "<group>"; };
		117B7A921AC4FEEC00DC153D /* sha.h */ = {isa = PBXFileReference; fileEncoding = 4; lastKnownFileType = sourcecode.c.h; path = sha.h; sourceTree = "<group>"; };
		117B7A931AC4FEEC00DC153D /* srp.h */ = {isa = PBXFileReference; fileEncoding = 4; lastKnownFileType = sourcecode.c.h; path = srp.h; sourceTree = "<group>"; };
		117B7A941AC4FEEC00DC153D /* srtp.h */ = {isa = PBXFileReference; fileEncoding = 4; lastKnownFileType = sourcecode.c.h; path = srtp.h; sourceTree = "<group>"; };
		117B7A951AC4FEEC00DC153D /* ssl.h */ = {isa = PBXFileReference; fileEncoding = 4; lastKnownFileType = sourcecode.c.h; path = ssl.h; sourceTree = "<group>"; };
		117B7A961AC4FEEC00DC153D /* ssl2.h */ = {isa = PBXFileReference; fileEncoding = 4; lastKnownFileType = sourcecode.c.h; path = ssl2.h; sourceTree = "<group>"; };
		117B7A971AC4FEEC00DC153D /* ssl23.h */ = {isa = PBXFileReference; fileEncoding = 4; lastKnownFileType = sourcecode.c.h; path = ssl23.h; sourceTree = "<group>"; };
		117B7A981AC4FEEC00DC153D /* ssl3.h */ = {isa = PBXFileReference; fileEncoding = 4; lastKnownFileType = sourcecode.c.h; path = ssl3.h; sourceTree = "<group>"; };
		117B7A991AC4FEEC00DC153D /* stack.h */ = {isa = PBXFileReference; fileEncoding = 4; lastKnownFileType = sourcecode.c.h; path = stack.h; sourceTree = "<group>"; };
		117B7A9A1AC4FEEC00DC153D /* symhacks.h */ = {isa = PBXFileReference; fileEncoding = 4; lastKnownFileType = sourcecode.c.h; path = symhacks.h; sourceTree = "<group>"; };
		117B7A9B1AC4FEEC00DC153D /* tls1.h */ = {isa = PBXFileReference; fileEncoding = 4; lastKnownFileType = sourcecode.c.h; path = tls1.h; sourceTree = "<group>"; };
		117B7A9C1AC4FEEC00DC153D /* ts.h */ = {isa = PBXFileReference; fileEncoding = 4; lastKnownFileType = sourcecode.c.h; path = ts.h; sourceTree = "<group>"; };
		117B7A9D1AC4FEEC00DC153D /* txt_db.h */ = {isa = PBXFileReference; fileEncoding = 4; lastKnownFileType = sourcecode.c.h; path = txt_db.h; sourceTree = "<group>"; };
		117B7A9E1AC4FEEC00DC153D /* ui.h */ = {isa = PBXFileReference; fileEncoding = 4; lastKnownFileType = sourcecode.c.h; path = ui.h; sourceTree = "<group>"; };
		117B7A9F1AC4FEEC00DC153D /* ui_compat.h */ = {isa = PBXFileReference; fileEncoding = 4; lastKnownFileType = sourcecode.c.h; path = ui_compat.h; sourceTree = "<group>"; };
		117B7AA01AC4FEEC00DC153D /* whrlpool.h */ = {isa = PBXFileReference; fileEncoding = 4; lastKnownFileType = sourcecode.c.h; path = whrlpool.h; sourceTree = "<group>"; };
		117B7AA11AC4FEEC00DC153D /* x509.h */ = {isa = PBXFileReference; fileEncoding = 4; lastKnownFileType = sourcecode.c.h; path = x509.h; sourceTree = "<group>"; };
		117B7AA21AC4FEEC00DC153D /* x509_vfy.h */ = {isa = PBXFileReference; fileEncoding = 4; lastKnownFileType = sourcecode.c.h; path = x509_vfy.h; sourceTree = "<group>"; };
		117B7AA31AC4FEEC00DC153D /* x509v3.h */ = {isa = PBXFileReference; fileEncoding = 4; lastKnownFileType = sourcecode.c.h; path = x509v3.h; sourceTree = "<group>"; };
		117BC6161AB17E9700710C09 /* db */ = {isa = PBXFileReference; lastKnownFileType = folder; path = db; sourceTree = "<group>"; };
		117BC6191AB17EC300710C09 /* libsqlite3.dylib */ = {isa = PBXFileReference; lastKnownFileType = "compiled.mach-o.dylib"; name = libsqlite3.dylib; path = usr/lib/libsqlite3.dylib; sourceTree = SDKROOT; };
		117BC6871AB17FAD00710C09 /* DataBaseHelper.h */ = {isa = PBXFileReference; fileEncoding = 4; lastKnownFileType = sourcecode.c.h; path = DataBaseHelper.h; sourceTree = "<group>"; };
		117BC6891AB17FAD00710C09 /* Action_info.hpp */ = {isa = PBXFileReference; fileEncoding = 4; lastKnownFileType = sourcecode.cpp.h; path = Action_info.hpp; sourceTree = "<group>"; };
		117BC68A1AB17FAD00710C09 /* ActionTemp_info.hpp */ = {isa = PBXFileReference; fileEncoding = 4; lastKnownFileType = sourcecode.cpp.h; path = ActionTemp_info.hpp; sourceTree = "<group>"; };
		117BC68B1AB17FAD00710C09 /* ActiveTemp_info.hpp */ = {isa = PBXFileReference; fileEncoding = 4; lastKnownFileType = sourcecode.cpp.h; path = ActiveTemp_info.hpp; sourceTree = "<group>"; };
		117BC68C1AB17FAD00710C09 /* Appell_info.hpp */ = {isa = PBXFileReference; fileEncoding = 4; lastKnownFileType = sourcecode.cpp.h; path = Appell_info.hpp; sourceTree = "<group>"; };
		117BC68D1AB17FAD00710C09 /* BuildingTemp_info.hpp */ = {isa = PBXFileReference; fileEncoding = 4; lastKnownFileType = sourcecode.cpp.h; path = BuildingTemp_info.hpp; sourceTree = "<group>"; };
		117BC68E1AB17FAD00710C09 /* Campaign_info.hpp */ = {isa = PBXFileReference; fileEncoding = 4; lastKnownFileType = sourcecode.cpp.h; path = Campaign_info.hpp; sourceTree = "<group>"; };
		117BC68F1AB17FAD00710C09 /* CampaignAnimLayer.hpp */ = {isa = PBXFileReference; fileEncoding = 4; lastKnownFileType = sourcecode.cpp.h; path = CampaignAnimLayer.hpp; sourceTree = "<group>"; };
		117BC6901AB17FAD00710C09 /* CampaignBufferTemp_info.hpp */ = {isa = PBXFileReference; fileEncoding = 4; lastKnownFileType = sourcecode.cpp.h; path = CampaignBufferTemp_info.hpp; sourceTree = "<group>"; };
		117BC6911AB17FAD00710C09 /* CampaignData.hpp */ = {isa = PBXFileReference; fileEncoding = 4; lastKnownFileType = sourcecode.cpp.h; path = CampaignData.hpp; sourceTree = "<group>"; };
		117BC6921AB17FAD00710C09 /* CampaignNodeSkeleton.hpp */ = {isa = PBXFileReference; fileEncoding = 4; lastKnownFileType = sourcecode.cpp.h; path = CampaignNodeSkeleton.hpp; sourceTree = "<group>"; };
		117BC6931AB17FAD00710C09 /* ComposeTemp_info.hpp */ = {isa = PBXFileReference; fileEncoding = 4; lastKnownFileType = sourcecode.cpp.h; path = ComposeTemp_info.hpp; sourceTree = "<group>"; };
		117BC6941AB17FAD00710C09 /* Config_info.hpp */ = {isa = PBXFileReference; fileEncoding = 4; lastKnownFileType = sourcecode.cpp.h; path = Config_info.hpp; sourceTree = "<group>"; };
		117BC6951AB17FAD00710C09 /* ConsortiaLevel_info.hpp */ = {isa = PBXFileReference; fileEncoding = 4; lastKnownFileType = sourcecode.cpp.h; path = ConsortiaLevel_info.hpp; sourceTree = "<group>"; };
		117BC6961AB17FAD00710C09 /* DailyTaskActMgr_info.hpp */ = {isa = PBXFileReference; fileEncoding = 4; lastKnownFileType = sourcecode.cpp.h; path = DailyTaskActMgr_info.hpp; sourceTree = "<group>"; };
		117BC6971AB17FAD00710C09 /* DistrictDrop_info.hpp */ = {isa = PBXFileReference; fileEncoding = 4; lastKnownFileType = sourcecode.cpp.h; path = DistrictDrop_info.hpp; sourceTree = "<group>"; };
		117BC6981AB17FAD00710C09 /* DropView_info.hpp */ = {isa = PBXFileReference; fileEncoding = 4; lastKnownFileType = sourcecode.cpp.h; path = DropView_info.hpp; sourceTree = "<group>"; };
		117BC6991AB17FAD00710C09 /* EffectTemp_info.hpp */ = {isa = PBXFileReference; fileEncoding = 4; lastKnownFileType = sourcecode.cpp.h; path = EffectTemp_info.hpp; sourceTree = "<group>"; };
		117BC69A1AB17FAD00710C09 /* FirstChargeItem_info.hpp */ = {isa = PBXFileReference; fileEncoding = 4; lastKnownFileType = sourcecode.cpp.h; path = FirstChargeItem_info.hpp; sourceTree = "<group>"; };
		117BC69B1AB17FAD00710C09 /* GameHeroTemp_info.hpp */ = {isa = PBXFileReference; fileEncoding = 4; lastKnownFileType = sourcecode.cpp.h; path = GameHeroTemp_info.hpp; sourceTree = "<group>"; };
		117BC69C1AB17FAD00710C09 /* GradeDrop_info.hpp */ = {isa = PBXFileReference; fileEncoding = 4; lastKnownFileType = sourcecode.cpp.h; path = GradeDrop_info.hpp; sourceTree = "<group>"; };
		117BC69D1AB17FAD00710C09 /* GuideValueTemp_info.hpp */ = {isa = PBXFileReference; fileEncoding = 4; lastKnownFileType = sourcecode.cpp.h; path = GuideValueTemp_info.hpp; sourceTree = "<group>"; };
		117BC69E1AB17FAD00710C09 /* Hero_avatar.hpp */ = {isa = PBXFileReference; fileEncoding = 4; lastKnownFileType = sourcecode.cpp.h; path = Hero_avatar.hpp; sourceTree = "<group>"; };
		117BC69F1AB17FAD00710C09 /* HeroAi_info.hpp */ = {isa = PBXFileReference; fileEncoding = 4; lastKnownFileType = sourcecode.cpp.h; path = HeroAi_info.hpp; sourceTree = "<group>"; };
		117BC6A01AB17FAD00710C09 /* InviteGift_info.hpp */ = {isa = PBXFileReference; fileEncoding = 4; lastKnownFileType = sourcecode.cpp.h; path = InviteGift_info.hpp; sourceTree = "<group>"; };
		117BC6A11AB17FAD00710C09 /* ItemTemp_info.hpp */ = {isa = PBXFileReference; fileEncoding = 4; lastKnownFileType = sourcecode.cpp.h; path = ItemTemp_info.hpp; sourceTree = "<group>"; };
		117BC6A41AB17FAD00710C09 /* KingContract_info.hpp */ = {isa = PBXFileReference; fileEncoding = 4; lastKnownFileType = sourcecode.cpp.h; path = KingContract_info.hpp; sourceTree = "<group>"; };
		117BC6A51AB17FAD00710C09 /* LeedTemp_info.hpp */ = {isa = PBXFileReference; fileEncoding = 4; lastKnownFileType = sourcecode.cpp.h; path = LeedTemp_info.hpp; sourceTree = "<group>"; };
		117BC6A61AB17FAD00710C09 /* Map_Convey.hpp */ = {isa = PBXFileReference; fileEncoding = 4; lastKnownFileType = sourcecode.cpp.h; path = Map_Convey.hpp; sourceTree = "<group>"; };
		117BC6A71AB17FAD00710C09 /* Map_info.hpp */ = {isa = PBXFileReference; fileEncoding = 4; lastKnownFileType = sourcecode.cpp.h; path = Map_info.hpp; sourceTree = "<group>"; };
		117BC6A81AB17FAD00710C09 /* MapPhysicsTemp_info.hpp */ = {isa = PBXFileReference; fileEncoding = 4; lastKnownFileType = sourcecode.cpp.h; path = MapPhysicsTemp_info.hpp; sourceTree = "<group>"; };
		117BC6A91AB17FAD00710C09 /* MarriageTree_Info.hpp */ = {isa = PBXFileReference; fileEncoding = 4; lastKnownFileType = sourcecode.cpp.h; path = MarriageTree_Info.hpp; sourceTree = "<group>"; };
		117BC6AA1AB17FAD00710C09 /* MarrySpecTempInfo_info.hpp */ = {isa = PBXFileReference; fileEncoding = 4; lastKnownFileType = sourcecode.cpp.h; path = MarrySpecTempInfo_info.hpp; sourceTree = "<group>"; };
		117BC6AB1AB17FAD00710C09 /* MountTemp_info.hpp */ = {isa = PBXFileReference; fileEncoding = 4; lastKnownFileType = sourcecode.cpp.h; path = MountTemp_info.hpp; sourceTree = "<group>"; };
		117BC6AC1AB17FAD00710C09 /* Novice.hpp */ = {isa = PBXFileReference; fileEncoding = 4; lastKnownFileType = sourcecode.cpp.h; path = Novice.hpp; sourceTree = "<group>"; };
		117BC6AD1AB17FAD00710C09 /* NoviceDialogue_story.hpp */ = {isa = PBXFileReference; fileEncoding = 4; lastKnownFileType = sourcecode.cpp.h; path = NoviceDialogue_story.hpp; sourceTree = "<group>"; };
		117BC6AE1AB17FAD00710C09 /* PawnTemp_info.hpp */ = {isa = PBXFileReference; fileEncoding = 4; lastKnownFileType = sourcecode.cpp.h; path = PawnTemp_info.hpp; sourceTree = "<group>"; };
		117BC6AF1AB17FAD00710C09 /* PetTemp_info.hpp */ = {isa = PBXFileReference; fileEncoding = 4; lastKnownFileType = sourcecode.cpp.h; path = PetTemp_info.hpp; sourceTree = "<group>"; };
		117BC6B01AB17FAD00710C09 /* QuestCondition_info.hpp */ = {isa = PBXFileReference; fileEncoding = 4; lastKnownFileType = sourcecode.cpp.h; path = QuestCondition_info.hpp; sourceTree = "<group>"; };
		117BC6B11AB17FAD00710C09 /* QuestGoods_info.hpp */ = {isa = PBXFileReference; fileEncoding = 4; lastKnownFileType = sourcecode.cpp.h; path = QuestGoods_info.hpp; sourceTree = "<group>"; };
		117BC6B21AB17FAD00710C09 /* QuestTemp_info.hpp */ = {isa = PBXFileReference; fileEncoding = 4; lastKnownFileType = sourcecode.cpp.h; path = QuestTemp_info.hpp; sourceTree = "<group>"; };
		117BC6B31AB17FAD00710C09 /* RelationArea.hpp */ = {isa = PBXFileReference; fileEncoding = 4; lastKnownFileType = sourcecode.cpp.h; path = RelationArea.hpp; sourceTree = "<group>"; };
		117BC6B41AB17FAD00710C09 /* RelationCity.hpp */ = {isa = PBXFileReference; fileEncoding = 4; lastKnownFileType = sourcecode.cpp.h; path = RelationCity.hpp; sourceTree = "<group>"; };
		117BC6B51AB17FAD00710C09 /* RelationCountry.hpp */ = {isa = PBXFileReference; fileEncoding = 4; lastKnownFileType = sourcecode.cpp.h; path = RelationCountry.hpp; sourceTree = "<group>"; };
		117BC6B61AB17FAD00710C09 /* RelationProvince.hpp */ = {isa = PBXFileReference; fileEncoding = 4; lastKnownFileType = sourcecode.cpp.h; path = RelationProvince.hpp; sourceTree = "<group>"; };
		117BC6B71AB17FAD00710C09 /* RelationStar.hpp */ = {isa = PBXFileReference; fileEncoding = 4; lastKnownFileType = sourcecode.cpp.h; path = RelationStar.hpp; sourceTree = "<group>"; };
		117BC6B81AB17FAD00710C09 /* ReloginDrop_info.hpp */ = {isa = PBXFileReference; fileEncoding = 4; lastKnownFileType = sourcecode.cpp.h; path = ReloginDrop_info.hpp; sourceTree = "<group>"; };
		117BC6B91AB17FAD00710C09 /* RewardCondition_info.hpp */ = {isa = PBXFileReference; fileEncoding = 4; lastKnownFileType = sourcecode.cpp.h; path = RewardCondition_info.hpp; sourceTree = "<group>"; };
		117BC6BA1AB17FAD00710C09 /* RewardGoods_info.hpp */ = {isa = PBXFileReference; fileEncoding = 4; lastKnownFileType = sourcecode.cpp.h; path = RewardGoods_info.hpp; sourceTree = "<group>"; };
		117BC6BB1AB17FAD00710C09 /* RewardTemp_info.hpp */ = {isa = PBXFileReference; fileEncoding = 4; lastKnownFileType = sourcecode.cpp.h; path = RewardTemp_info.hpp; sourceTree = "<group>"; };
		117BC6BC1AB17FAD00710C09 /* RuneTemp_info.hpp */ = {isa = PBXFileReference; fileEncoding = 4; lastKnownFileType = sourcecode.cpp.h; path = RuneTemp_info.hpp; sourceTree = "<group>"; };
		117BC6BD1AB17FAD00710C09 /* ServerdayLeadparam.hpp */ = {isa = PBXFileReference; fileEncoding = 4; lastKnownFileType = sourcecode.cpp.h; path = ServerdayLeadparam.hpp; sourceTree = "<group>"; };
		117BC6BE1AB17FAD00710C09 /* SevendayReward_info.hpp */ = {isa = PBXFileReference; fileEncoding = 4; lastKnownFileType = sourcecode.cpp.h; path = SevendayReward_info.hpp; sourceTree = "<group>"; };
		117BC6BF1AB17FAD00710C09 /* ShopTemp_info.hpp */ = {isa = PBXFileReference; fileEncoding = 4; lastKnownFileType = sourcecode.cpp.h; path = ShopTemp_info.hpp; sourceTree = "<group>"; };
		117BC6C01AB17FAD00710C09 /* SimpLetask.hpp */ = {isa = PBXFileReference; fileEncoding = 4; lastKnownFileType = sourcecode.cpp.h; path = SimpLetask.hpp; sourceTree = "<group>"; };
		117BC6C11AB17FAD00710C09 /* SkillBufferTemp_info.hpp */ = {isa = PBXFileReference; fileEncoding = 4; lastKnownFileType = sourcecode.cpp.h; path = SkillBufferTemp_info.hpp; sourceTree = "<group>"; };
		117BC6C21AB17FAD00710C09 /* SkillPropertyTemp_info.hpp */ = {isa = PBXFileReference; fileEncoding = 4; lastKnownFileType = sourcecode.cpp.h; path = SkillPropertyTemp_info.hpp; sourceTree = "<group>"; };
		117BC6C31AB17FAD00710C09 /* SkillTemp_info.hpp */ = {isa = PBXFileReference; fileEncoding = 4; lastKnownFileType = sourcecode.cpp.h; path = SkillTemp_info.hpp; sourceTree = "<group>"; };
		117BC6C41AB17FAD00710C09 /* SpecialTemp_info.hpp */ = {isa = PBXFileReference; fileEncoding = 4; lastKnownFileType = sourcecode.cpp.h; path = SpecialTemp_info.hpp; sourceTree = "<group>"; };
		117BC6C51AB17FAD00710C09 /* StarTemp_info.hpp */ = {isa = PBXFileReference; fileEncoding = 4; lastKnownFileType = sourcecode.cpp.h; path = StarTemp_info.hpp; sourceTree = "<group>"; };
		117BC6C61AB17FAD00710C09 /* SuiteTemp_info.hpp */ = {isa = PBXFileReference; fileEncoding = 4; lastKnownFileType = sourcecode.cpp.h; path = SuiteTemp_info.hpp; sourceTree = "<group>"; };
		117BC6C71AB17FAD00710C09 /* t_s_dropcondition.hpp */ = {isa = PBXFileReference; fileEncoding = 4; lastKnownFileType = sourcecode.cpp.h; path = t_s_dropcondition.hpp; sourceTree = "<group>"; };
		117BC6C81AB17FAD00710C09 /* t_s_dropitem.hpp */ = {isa = PBXFileReference; fileEncoding = 4; lastKnownFileType = sourcecode.cpp.h; path = t_s_dropitem.hpp; sourceTree = "<group>"; };
		117BC6C91AB17FAD00710C09 /* t_s_fashionidentify.hpp */ = {isa = PBXFileReference; fileEncoding = 4; lastKnownFileType = sourcecode.cpp.h; path = t_s_fashionidentify.hpp; sourceTree = "<group>"; };
		117BC6CA1AB17FAD00710C09 /* t_s_pettemplate.hpp */ = {isa = PBXFileReference; fileEncoding = 4; lastKnownFileType = sourcecode.cpp.h; path = t_s_pettemplate.hpp; sourceTree = "<group>"; };
		117BC6CB1AB17FAD00710C09 /* TalentEffectTemp_info.hpp */ = {isa = PBXFileReference; fileEncoding = 4; lastKnownFileType = sourcecode.cpp.h; path = TalentEffectTemp_info.hpp; sourceTree = "<group>"; };
		117BC6CC1AB17FAD00710C09 /* TimeDrop_info.hpp */ = {isa = PBXFileReference; fileEncoding = 4; lastKnownFileType = sourcecode.cpp.h; path = TimeDrop_info.hpp; sourceTree = "<group>"; };
		117BC6CD1AB17FAD00710C09 /* Transform_info.hpp */ = {isa = PBXFileReference; fileEncoding = 4; lastKnownFileType = sourcecode.cpp.h; path = Transform_info.hpp; sourceTree = "<group>"; };
		117BC6CE1AB17FAD00710C09 /* UpGradeTemp_info.hpp */ = {isa = PBXFileReference; fileEncoding = 4; lastKnownFileType = sourcecode.cpp.h; path = UpGradeTemp_info.hpp; sourceTree = "<group>"; };
		117BC6CF1AB17FAD00710C09 /* VehicleBuffTemp_info.hpp */ = {isa = PBXFileReference; fileEncoding = 4; lastKnownFileType = sourcecode.cpp.h; path = VehicleBuffTemp_info.hpp; sourceTree = "<group>"; };
		117BC6D01AB17FAD00710C09 /* VehicleObjectTemp_info.hpp */ = {isa = PBXFileReference; fileEncoding = 4; lastKnownFileType = sourcecode.cpp.h; path = VehicleObjectTemp_info.hpp; sourceTree = "<group>"; };
		117BC6D11AB17FAD00710C09 /* VehicleSkillTemp_info.hpp */ = {isa = PBXFileReference; fileEncoding = 4; lastKnownFileType = sourcecode.cpp.h; path = VehicleSkillTemp_info.hpp; sourceTree = "<group>"; };
		117BC6D21AB17FAD00710C09 /* VipDrop_info.hpp */ = {isa = PBXFileReference; fileEncoding = 4; lastKnownFileType = sourcecode.cpp.h; path = VipDrop_info.hpp; sourceTree = "<group>"; };
		117BC6D31AB17FAD00710C09 /* VipPrerogativeTemp_info.hpp */ = {isa = PBXFileReference; fileEncoding = 4; lastKnownFileType = sourcecode.cpp.h; path = VipPrerogativeTemp_info.hpp; sourceTree = "<group>"; };
		117BC6F41AB1849900710C09 /* HLStringUtil.cpp */ = {isa = PBXFileReference; fileEncoding = 4; lastKnownFileType = sourcecode.cpp.cpp; name = HLStringUtil.cpp; path = Common/HLStringUtil.cpp; sourceTree = "<group>"; };
		117BC6F51AB1849900710C09 /* HLStringUtil.h */ = {isa = PBXFileReference; fileEncoding = 4; lastKnownFileType = sourcecode.c.h; name = HLStringUtil.h; path = Common/HLStringUtil.h; sourceTree = "<group>"; };
		117BC6F81AB18F1C00710C09 /* libsqlite3.0.dylib */ = {isa = PBXFileReference; lastKnownFileType = "compiled.mach-o.dylib"; name = libsqlite3.0.dylib; path = Platforms/iPhoneOS.platform/Developer/SDKs/iPhoneOS8.1.sdk/usr/lib/libsqlite3.0.dylib; sourceTree = DEVELOPER_DIR; };
		117BC6FA1AB18F3000710C09 /* libsqlite3.0.dylib */ = {isa = PBXFileReference; lastKnownFileType = "compiled.mach-o.dylib"; name = libsqlite3.0.dylib; path = usr/lib/libsqlite3.0.dylib; sourceTree = SDKROOT; };
		117BC6FC1AB18F9100710C09 /* DataBaseHelper.cpp */ = {isa = PBXFileReference; fileEncoding = 4; lastKnownFileType = sourcecode.cpp.cpp; path = DataBaseHelper.cpp; sourceTree = "<group>"; };
		117BC70C1AB1C18B00710C09 /* libsqlite3.dylib */ = {isa = PBXFileReference; lastKnownFileType = "compiled.mach-o.dylib"; name = libsqlite3.dylib; path = Platforms/iPhoneOS.platform/Developer/SDKs/iPhoneOS8.1.sdk/usr/lib/libsqlite3.dylib; sourceTree = DEVELOPER_DIR; };
		1199D98C1AC2D6620091EAA2 /* CustomRootNode.cpp */ = {isa = PBXFileReference; fileEncoding = 4; lastKnownFileType = sourcecode.cpp.cpp; path = CustomRootNode.cpp; sourceTree = "<group>"; };
		1199D98D1AC2D6620091EAA2 /* CustomRootNode.h */ = {isa = PBXFileReference; fileEncoding = 4; lastKnownFileType = sourcecode.c.h; path = CustomRootNode.h; sourceTree = "<group>"; };
		1199D9951AC2D6990091EAA2 /* CustomRootNodeReader.cpp */ = {isa = PBXFileReference; fileEncoding = 4; lastKnownFileType = sourcecode.cpp.cpp; path = CustomRootNodeReader.cpp; sourceTree = "<group>"; };
		1199D9961AC2D6990091EAA2 /* CustomRootNodeReader.h */ = {isa = PBXFileReference; fileEncoding = 4; lastKnownFileType = sourcecode.c.h; path = CustomRootNodeReader.h; sourceTree = "<group>"; };
		11AF12E61AB01FE100EFCEAE /* protoc.xcodeproj */ = {isa = PBXFileReference; lastKnownFileType = "wrapper.pb-project"; name = protoc.xcodeproj; path = "../protobuf-2.5.0/protoc/protoc.xcodeproj"; sourceTree = "<group>"; };
		11AF12FD1AB0205800EFCEAE /* BoxMsg.proto */ = {isa = PBXFileReference; fileEncoding = 4; lastKnownFileType = text; path = BoxMsg.proto; sourceTree = "<group>"; };
		11AF13001AB0205800EFCEAE /* HangupInfo.proto */ = {isa = PBXFileReference; fileEncoding = 4; lastKnownFileType = text; path = HangupInfo.proto; sourceTree = "<group>"; };
		11F78DC71AA80F74008034E5 /* LoginViewScene.cpp */ = {isa = PBXFileReference; fileEncoding = 4; lastKnownFileType = sourcecode.cpp.cpp; path = LoginViewScene.cpp; sourceTree = "<group>"; };
		11F78DC81AA80F74008034E5 /* LoginViewScene.h */ = {isa = PBXFileReference; fileEncoding = 4; lastKnownFileType = sourcecode.c.h; path = LoginViewScene.h; sourceTree = "<group>"; };
		1AC6FAE5180E9839004C840B /* cocos2d_libs.xcodeproj */ = {isa = PBXFileReference; lastKnownFileType = "wrapper.pb-project"; name = cocos2d_libs.xcodeproj; path = ../cocos2d/build/cocos2d_libs.xcodeproj; sourceTree = "<group>"; };
		1ACB3243164770DE00914215 /* libcurl.a */ = {isa = PBXFileReference; lastKnownFileType = archive.ar; name = libcurl.a; path = ../../cocos2dx/platform/third_party/ios/libraries/libcurl.a; sourceTree = "<group>"; };
		1D30AB110D05D00D00671497 /* Foundation.framework */ = {isa = PBXFileReference; lastKnownFileType = wrapper.framework; name = Foundation.framework; path = System/Library/Frameworks/Foundation.framework; sourceTree = SDKROOT; };
		1D6058910D05DD3D006BFB54 /* Relive iOS.app */ = {isa = PBXFileReference; explicitFileType = wrapper.application; includeInIndex = 0; path = "Relive iOS.app"; sourceTree = BUILT_PRODUCTS_DIR; };
		1DF5F4DF0D08C38300B7A737 /* UIKit.framework */ = {isa = PBXFileReference; lastKnownFileType = wrapper.framework; name = UIKit.framework; path = System/Library/Frameworks/UIKit.framework; sourceTree = SDKROOT; };
		288765A40DF7441C002DB57D /* CoreGraphics.framework */ = {isa = PBXFileReference; lastKnownFileType = wrapper.framework; name = CoreGraphics.framework; path = System/Library/Frameworks/CoreGraphics.framework; sourceTree = SDKROOT; };
		3EACC98E19EE6D4300EB3C5E /* res */ = {isa = PBXFileReference; lastKnownFileType = folder; path = res; sourceTree = "<group>"; };
		46880B7619C43A67006E1F66 /* CloseNormal.png */ = {isa = PBXFileReference; lastKnownFileType = image.png; path = CloseNormal.png; sourceTree = "<group>"; };
		46880B7719C43A67006E1F66 /* CloseSelected.png */ = {isa = PBXFileReference; lastKnownFileType = image.png; path = CloseSelected.png; sourceTree = "<group>"; };
		46880B7A19C43A67006E1F66 /* HelloWorld.png */ = {isa = PBXFileReference; lastKnownFileType = image.png; path = HelloWorld.png; sourceTree = "<group>"; };
		46880B8419C43A87006E1F66 /* AppDelegate.cpp */ = {isa = PBXFileReference; fileEncoding = 4; lastKnownFileType = sourcecode.cpp.cpp; path = AppDelegate.cpp; sourceTree = "<group>"; };
		46880B8519C43A87006E1F66 /* AppDelegate.h */ = {isa = PBXFileReference; fileEncoding = 4; lastKnownFileType = sourcecode.c.h; path = AppDelegate.h; sourceTree = "<group>"; };
		503AE0F617EB97AB00D1A890 /* Icon.icns */ = {isa = PBXFileReference; lastKnownFileType = image.icns; path = Icon.icns; sourceTree = "<group>"; };
		503AE0F717EB97AB00D1A890 /* Info.plist */ = {isa = PBXFileReference; fileEncoding = 4; lastKnownFileType = text.plist.xml; path = Info.plist; sourceTree = "<group>"; };
		503AE0FA17EB989F00D1A890 /* AppController.h */ = {isa = PBXFileReference; fileEncoding = 4; lastKnownFileType = sourcecode.c.h; name = AppController.h; path = ios/AppController.h; sourceTree = SOURCE_ROOT; };
		503AE0FB17EB989F00D1A890 /* AppController.mm */ = {isa = PBXFileReference; fileEncoding = 4; lastKnownFileType = sourcecode.cpp.objcpp; name = AppController.mm; path = ios/AppController.mm; sourceTree = SOURCE_ROOT; };
		503AE0FC17EB989F00D1A890 /* main.m */ = {isa = PBXFileReference; fileEncoding = 4; lastKnownFileType = sourcecode.c.objc; name = main.m; path = ios/main.m; sourceTree = SOURCE_ROOT; };
		503AE0FD17EB989F00D1A890 /* Prefix.pch */ = {isa = PBXFileReference; fileEncoding = 4; lastKnownFileType = sourcecode.c.h; name = Prefix.pch; path = ios/Prefix.pch; sourceTree = SOURCE_ROOT; };
		503AE0FE17EB989F00D1A890 /* RootViewController.h */ = {isa = PBXFileReference; fileEncoding = 4; lastKnownFileType = sourcecode.c.h; name = RootViewController.h; path = ios/RootViewController.h; sourceTree = SOURCE_ROOT; };
		503AE0FF17EB989F00D1A890 /* RootViewController.mm */ = {isa = PBXFileReference; fileEncoding = 4; lastKnownFileType = sourcecode.cpp.objcpp; name = RootViewController.mm; path = ios/RootViewController.mm; sourceTree = SOURCE_ROOT; };
		503AE10317EB98FF00D1A890 /* main.cpp */ = {isa = PBXFileReference; fileEncoding = 4; lastKnownFileType = sourcecode.cpp.cpp; name = main.cpp; path = mac/main.cpp; sourceTree = "<group>"; };
		503AE10417EB98FF00D1A890 /* Prefix.pch */ = {isa = PBXFileReference; fileEncoding = 4; lastKnownFileType = sourcecode.c.h; name = Prefix.pch; path = mac/Prefix.pch; sourceTree = "<group>"; };
		503AE11117EB99EE00D1A890 /* libcurl.dylib */ = {isa = PBXFileReference; lastKnownFileType = "compiled.mach-o.dylib"; name = libcurl.dylib; path = usr/lib/libcurl.dylib; sourceTree = SDKROOT; };
		503AE11A17EB9C5A00D1A890 /* IOKit.framework */ = {isa = PBXFileReference; lastKnownFileType = wrapper.framework; name = IOKit.framework; path = System/Library/Frameworks/IOKit.framework; sourceTree = SDKROOT; };
		5087E76F17EB910900C73F5D /* Relive Mac.app */ = {isa = PBXFileReference; explicitFileType = wrapper.application; includeInIndex = 0; path = "Relive Mac.app"; sourceTree = BUILT_PRODUCTS_DIR; };
		5087E77217EB970100C73F5D /* Default-568h@2x.png */ = {isa = PBXFileReference; lastKnownFileType = image.png; path = "Default-568h@2x.png"; sourceTree = "<group>"; };
		5087E77317EB970100C73F5D /* Default.png */ = {isa = PBXFileReference; lastKnownFileType = image.png; path = Default.png; sourceTree = "<group>"; };
		5087E77417EB970100C73F5D /* Default@2x.png */ = {isa = PBXFileReference; lastKnownFileType = image.png; path = "Default@2x.png"; sourceTree = "<group>"; };
		5087E77517EB970100C73F5D /* Icon-114.png */ = {isa = PBXFileReference; lastKnownFileType = image.png; path = "Icon-114.png"; sourceTree = "<group>"; };
		5087E77617EB970100C73F5D /* Icon-120.png */ = {isa = PBXFileReference; lastKnownFileType = image.png; path = "Icon-120.png"; sourceTree = "<group>"; };
		5087E77717EB970100C73F5D /* Icon-144.png */ = {isa = PBXFileReference; lastKnownFileType = image.png; path = "Icon-144.png"; sourceTree = "<group>"; };
		5087E77817EB970100C73F5D /* Icon-152.png */ = {isa = PBXFileReference; lastKnownFileType = image.png; path = "Icon-152.png"; sourceTree = "<group>"; };
		5087E77917EB970100C73F5D /* Icon-57.png */ = {isa = PBXFileReference; lastKnownFileType = image.png; path = "Icon-57.png"; sourceTree = "<group>"; };
		5087E77A17EB970100C73F5D /* Icon-72.png */ = {isa = PBXFileReference; lastKnownFileType = image.png; path = "Icon-72.png"; sourceTree = "<group>"; };
		5087E77B17EB970100C73F5D /* Icon-76.png */ = {isa = PBXFileReference; lastKnownFileType = image.png; path = "Icon-76.png"; sourceTree = "<group>"; };
		5087E77C17EB970100C73F5D /* Info.plist */ = {isa = PBXFileReference; fileEncoding = 4; lastKnownFileType = text.plist.xml; path = Info.plist; sourceTree = "<group>"; };
		5087E78817EB974C00C73F5D /* AppKit.framework */ = {isa = PBXFileReference; lastKnownFileType = wrapper.framework; name = AppKit.framework; path = System/Library/Frameworks/AppKit.framework; sourceTree = SDKROOT; };
		5087E78A17EB975400C73F5D /* OpenGL.framework */ = {isa = PBXFileReference; lastKnownFileType = wrapper.framework; name = OpenGL.framework; path = System/Library/Frameworks/OpenGL.framework; sourceTree = SDKROOT; };
		50EF629217ECD46A001EB2F8 /* Icon-40.png */ = {isa = PBXFileReference; lastKnownFileType = image.png; path = "Icon-40.png"; sourceTree = "<group>"; };
		50EF629317ECD46A001EB2F8 /* Icon-58.png */ = {isa = PBXFileReference; lastKnownFileType = image.png; path = "Icon-58.png"; sourceTree = "<group>"; };
		50EF629417ECD46A001EB2F8 /* Icon-80.png */ = {isa = PBXFileReference; lastKnownFileType = image.png; path = "Icon-80.png"; sourceTree = "<group>"; };
		50EF629517ECD46A001EB2F8 /* Icon-100.png */ = {isa = PBXFileReference; lastKnownFileType = image.png; path = "Icon-100.png"; sourceTree = "<group>"; };
		50EF62A017ECD613001EB2F8 /* Icon-29.png */ = {isa = PBXFileReference; lastKnownFileType = image.png; path = "Icon-29.png"; sourceTree = "<group>"; };
		50EF62A117ECD613001EB2F8 /* Icon-50.png */ = {isa = PBXFileReference; lastKnownFileType = image.png; path = "Icon-50.png"; sourceTree = "<group>"; };
		521A8E6219F0C34300D177D7 /* Default-667h@2x.png */ = {isa = PBXFileReference; lastKnownFileType = image.png; path = "Default-667h@2x.png"; sourceTree = "<group>"; };
		521A8E6319F0C34300D177D7 /* Default-736h@3x.png */ = {isa = PBXFileReference; lastKnownFileType = image.png; path = "Default-736h@3x.png"; sourceTree = "<group>"; };
		521A8EA819F11F5000D177D7 /* fonts */ = {isa = PBXFileReference; lastKnownFileType = folder; path = fonts; sourceTree = "<group>"; };
		52B47A461A53D09B004E4C60 /* Security.framework */ = {isa = PBXFileReference; lastKnownFileType = wrapper.framework; name = Security.framework; path = Platforms/iPhoneOS.platform/Developer/SDKs/iPhoneOS8.1.sdk/System/Library/Frameworks/Security.framework; sourceTree = DEVELOPER_DIR; };
		BF170DB012928DE900B8313A /* OpenGLES.framework */ = {isa = PBXFileReference; lastKnownFileType = wrapper.framework; name = OpenGLES.framework; path = System/Library/Frameworks/OpenGLES.framework; sourceTree = SDKROOT; };
		BF170DB412928DE900B8313A /* libz.dylib */ = {isa = PBXFileReference; lastKnownFileType = "compiled.mach-o.dylib"; name = libz.dylib; path = usr/lib/libz.dylib; sourceTree = SDKROOT; };
		BF1C47EA1293683800B63C5D /* QuartzCore.framework */ = {isa = PBXFileReference; lastKnownFileType = wrapper.framework; name = QuartzCore.framework; path = System/Library/Frameworks/QuartzCore.framework; sourceTree = SDKROOT; };
		D44C620B132DFF330009C878 /* OpenAL.framework */ = {isa = PBXFileReference; lastKnownFileType = wrapper.framework; name = OpenAL.framework; path = System/Library/Frameworks/OpenAL.framework; sourceTree = SDKROOT; };
		D44C620D132DFF430009C878 /* AVFoundation.framework */ = {isa = PBXFileReference; lastKnownFileType = wrapper.framework; name = AVFoundation.framework; path = System/Library/Frameworks/AVFoundation.framework; sourceTree = SDKROOT; };
		D44C620F132DFF4E0009C878 /* AudioToolbox.framework */ = {isa = PBXFileReference; lastKnownFileType = wrapper.framework; name = AudioToolbox.framework; path = System/Library/Frameworks/AudioToolbox.framework; sourceTree = SDKROOT; };
		D6B0611A1803AB670077942B /* CoreMotion.framework */ = {isa = PBXFileReference; lastKnownFileType = wrapper.framework; name = CoreMotion.framework; path = Platforms/iPhoneOS.platform/Developer/SDKs/iPhoneOS7.0.sdk/System/Library/Frameworks/CoreMotion.framework; sourceTree = DEVELOPER_DIR; };
/* End PBXFileReference section */

/* Begin PBXFrameworksBuildPhase section */
		1D60588F0D05DD3D006BFB54 /* Frameworks */ = {
			isa = PBXFrameworksBuildPhase;
			buildActionMask = 2147483647;
			files = (
				117BC70D1AB1C18B00710C09 /* libsqlite3.dylib in Frameworks */,
				11AF13101AB0221B00EFCEAE /* libprotobuff-lite-ios.a in Frameworks */,
				52B47A471A53D09C004E4C60 /* Security.framework in Frameworks */,
				1AC6FB30180E99EB004C840B /* libcocos2d iOS.a in Frameworks */,
				D6B0611B1803AB670077942B /* CoreMotion.framework in Frameworks */,
				1D60589F0D05DD5A006BFB54 /* Foundation.framework in Frameworks */,
				1DF5F4E00D08C38300B7A737 /* UIKit.framework in Frameworks */,
				288765A50DF7441C002DB57D /* CoreGraphics.framework in Frameworks */,
				BF171245129291EC00B8313A /* OpenGLES.framework in Frameworks */,
				BF1712471292920000B8313A /* libz.dylib in Frameworks */,
				BF1C47F01293687400B63C5D /* QuartzCore.framework in Frameworks */,
				D44C620C132DFF330009C878 /* OpenAL.framework in Frameworks */,
				D44C620E132DFF430009C878 /* AVFoundation.framework in Frameworks */,
				D44C6210132DFF4E0009C878 /* AudioToolbox.framework in Frameworks */,
			);
			runOnlyForDeploymentPostprocessing = 0;
		};
		5087E75C17EB910900C73F5D /* Frameworks */ = {
			isa = PBXFrameworksBuildPhase;
			buildActionMask = 2147483647;
			files = (
				117BC6FB1AB18F3000710C09 /* libsqlite3.0.dylib in Frameworks */,
				11AF13111AB0222300EFCEAE /* libprotobuff-lite-mac.a in Frameworks */,
				1AC6FB21180E996B004C840B /* libcocos2d Mac.a in Frameworks */,
				5087E76717EB910900C73F5D /* libz.dylib in Frameworks */,
				503AE11B17EB9C5A00D1A890 /* IOKit.framework in Frameworks */,
				5087E78B17EB975400C73F5D /* OpenGL.framework in Frameworks */,
				5087E78917EB974C00C73F5D /* AppKit.framework in Frameworks */,
				5087E76317EB910900C73F5D /* Foundation.framework in Frameworks */,
				5087E76817EB910900C73F5D /* QuartzCore.framework in Frameworks */,
				5087E76917EB910900C73F5D /* OpenAL.framework in Frameworks */,
				5087E76A17EB910900C73F5D /* AVFoundation.framework in Frameworks */,
				5087E76B17EB910900C73F5D /* AudioToolbox.framework in Frameworks */,
			);
			runOnlyForDeploymentPostprocessing = 0;
		};
/* End PBXFrameworksBuildPhase section */

/* Begin PBXGroup section */
		080E96DDFE201D6D7F000001 /* ios */ = {
			isa = PBXGroup;
			children = (
				5087E77117EB970100C73F5D /* Icons */,
				503AE0FA17EB989F00D1A890 /* AppController.h */,
				503AE0FB17EB989F00D1A890 /* AppController.mm */,
				503AE0FC17EB989F00D1A890 /* main.m */,
				503AE0FD17EB989F00D1A890 /* Prefix.pch */,
				503AE0FE17EB989F00D1A890 /* RootViewController.h */,
				503AE0FF17EB989F00D1A890 /* RootViewController.mm */,
			);
			name = ios;
			path = Classes;
			sourceTree = "<group>";
		};
		1139F9101AA98DAE00E7530C /* Common */ = {
			isa = PBXGroup;
			children = (
				11D341A01AC3BC70001FC9AD /* EventCommon */,
				11D341941AC3B096001FC9AD /* Discard */,
				117BC6851AB17FAD00710C09 /* DataBase */,
				11AF12F61AB0205800EFCEAE /* model */,
				1139F96C1AA9A5BD00E7530C /* Safety */,
				1139F9111AA98DD800E7530C /* CommonDefine.h */,
				1139F9891AA9BBA400E7530C /* HLSingleton.h */,
				117BC6F41AB1849900710C09 /* HLStringUtil.cpp */,
				117BC6F51AB1849900710C09 /* HLStringUtil.h */,
			);
			name = Common;
			sourceTree = "<group>";
		};
		1139F96C1AA9A5BD00E7530C /* Safety */ = {
			isa = PBXGroup;
			children = (
				117B7A591AC4FEEC00DC153D /* openssl */,
				1139F96D1AA9A5BD00E7530C /* base64 */,
				1139F9701AA9A5BD00E7530C /* CCSafety.cpp */,
				1139F9711AA9A5BD00E7530C /* CCSafety.h */,
				1139F9721AA9A5BD00E7530C /* md5 */,
				1139F9751AA9A5BD00E7530C /* sha1 */,
				1139F9801AA9AAF800E7530C /* URL.h */,
			);
			path = Safety;
			sourceTree = "<group>";
		};
		1139F96D1AA9A5BD00E7530C /* base64 */ = {
			isa = PBXGroup;
			children = (
				1139F96E1AA9A5BD00E7530C /* libb64.c */,
				1139F96F1AA9A5BD00E7530C /* libb64.h */,
			);
			path = base64;
			sourceTree = "<group>";
		};
		1139F9721AA9A5BD00E7530C /* md5 */ = {
			isa = PBXGroup;
			children = (
				1139F9731AA9A5BD00E7530C /* md5.cpp */,
				1139F9741AA9A5BD00E7530C /* md5.h */,
				1139F9811AA9B32D00E7530C /* md5String.cpp */,
				1139F9821AA9B32D00E7530C /* md5String.h */,
			);
			path = md5;
			sourceTree = "<group>";
		};
		1139F9751AA9A5BD00E7530C /* sha1 */ = {
			isa = PBXGroup;
			children = (
				1139F9761AA9A5BD00E7530C /* sha1.cpp */,
				1139F9771AA9A5BD00E7530C /* sha1.h */,
			);
			path = sha1;
			sourceTree = "<group>";
		};
		117B7A591AC4FEEC00DC153D /* openssl */ = {
			isa = PBXGroup;
			children = (
				117B7A5A1AC4FEEC00DC153D /* aes.h */,
				117B7A5B1AC4FEEC00DC153D /* asn1.h */,
				117B7A5C1AC4FEEC00DC153D /* asn1_mac.h */,
				117B7A5D1AC4FEEC00DC153D /* asn1t.h */,
				117B7A5E1AC4FEEC00DC153D /* bio.h */,
				117B7A5F1AC4FEEC00DC153D /* blowfish.h */,
				117B7A601AC4FEEC00DC153D /* bn.h */,
				117B7A611AC4FEEC00DC153D /* buffer.h */,
				117B7A621AC4FEEC00DC153D /* camellia.h */,
				117B7A631AC4FEEC00DC153D /* cast.h */,
				117B7A641AC4FEEC00DC153D /* cmac.h */,
				117B7A651AC4FEEC00DC153D /* comp.h */,
				117B7A661AC4FEEC00DC153D /* conf.h */,
				117B7A671AC4FEEC00DC153D /* conf_api.h */,
				117B7A681AC4FEEC00DC153D /* crypto.h */,
				117B7A691AC4FEEC00DC153D /* des.h */,
				117B7A6A1AC4FEEC00DC153D /* des_old.h */,
				117B7A6B1AC4FEEC00DC153D /* dh.h */,
				117B7A6C1AC4FEEC00DC153D /* dsa.h */,
				117B7A6D1AC4FEEC00DC153D /* dso.h */,
				117B7A6E1AC4FEEC00DC153D /* dtls1.h */,
				117B7A6F1AC4FEEC00DC153D /* e_os2.h */,
				117B7A701AC4FEEC00DC153D /* ebcdic.h */,
				117B7A711AC4FEEC00DC153D /* ec.h */,
				117B7A721AC4FEEC00DC153D /* ecdh.h */,
				117B7A731AC4FEEC00DC153D /* ecdsa.h */,
				117B7A741AC4FEEC00DC153D /* engine.h */,
				117B7A751AC4FEEC00DC153D /* err.h */,
				117B7A761AC4FEEC00DC153D /* evp.h */,
				117B7A771AC4FEEC00DC153D /* hmac.h */,
				117B7A781AC4FEEC00DC153D /* idea.h */,
				117B7A791AC4FEEC00DC153D /* krb5_asn.h */,
				117B7A7A1AC4FEEC00DC153D /* kssl.h */,
				117B7A7B1AC4FEEC00DC153D /* lhash.h */,
				117B7A7C1AC4FEEC00DC153D /* md4.h */,
				117B7A7D1AC4FEEC00DC153D /* md5.h */,
				117B7A7E1AC4FEEC00DC153D /* mdc2.h */,
				117B7A7F1AC4FEEC00DC153D /* modes.h */,
				117B7A801AC4FEEC00DC153D /* obj_mac.h */,
				117B7A811AC4FEEC00DC153D /* objects.h */,
				117B7A821AC4FEEC00DC153D /* ocsp.h */,
				117B7A831AC4FEEC00DC153D /* opensslconf.h */,
				117B7A841AC4FEEC00DC153D /* opensslv.h */,
				117B7A851AC4FEEC00DC153D /* ossl_typ.h */,
				117B7A861AC4FEEC00DC153D /* pem.h */,
				117B7A871AC4FEEC00DC153D /* pem2.h */,
				117B7A881AC4FEEC00DC153D /* pkcs12.h */,
				117B7A891AC4FEEC00DC153D /* pkcs7.h */,
				117B7A8A1AC4FEEC00DC153D /* pqueue.h */,
				117B7A8B1AC4FEEC00DC153D /* rand.h */,
				117B7A8C1AC4FEEC00DC153D /* rc2.h */,
				117B7A8D1AC4FEEC00DC153D /* rc4.h */,
				117B7A8E1AC4FEEC00DC153D /* ripemd.h */,
				117B7A8F1AC4FEEC00DC153D /* rsa.h */,
				117B7A901AC4FEEC00DC153D /* safestack.h */,
				117B7A911AC4FEEC00DC153D /* seed.h */,
				117B7A921AC4FEEC00DC153D /* sha.h */,
				117B7A931AC4FEEC00DC153D /* srp.h */,
				117B7A941AC4FEEC00DC153D /* srtp.h */,
				117B7A951AC4FEEC00DC153D /* ssl.h */,
				117B7A961AC4FEEC00DC153D /* ssl2.h */,
				117B7A971AC4FEEC00DC153D /* ssl23.h */,
				117B7A981AC4FEEC00DC153D /* ssl3.h */,
				117B7A991AC4FEEC00DC153D /* stack.h */,
				117B7A9A1AC4FEEC00DC153D /* symhacks.h */,
				117B7A9B1AC4FEEC00DC153D /* tls1.h */,
				117B7A9C1AC4FEEC00DC153D /* ts.h */,
				117B7A9D1AC4FEEC00DC153D /* txt_db.h */,
				117B7A9E1AC4FEEC00DC153D /* ui.h */,
				117B7A9F1AC4FEEC00DC153D /* ui_compat.h */,
				117B7AA01AC4FEEC00DC153D /* whrlpool.h */,
				117B7AA11AC4FEEC00DC153D /* x509.h */,
				117B7AA21AC4FEEC00DC153D /* x509_vfy.h */,
				117B7AA31AC4FEEC00DC153D /* x509v3.h */,
			);
			name = openssl;
			path = openssl/android/include/openssl;
			sourceTree = "<group>";
		};
		117BC6851AB17FAD00710C09 /* DataBase */ = {
			isa = PBXGroup;
			children = (
				117BC6FC1AB18F9100710C09 /* DataBaseHelper.cpp */,
				117BC6871AB17FAD00710C09 /* DataBaseHelper.h */,
				117BC6881AB17FAD00710C09 /* DBTable */,
			);
			path = DataBase;
			sourceTree = "<group>";
		};
		117BC6881AB17FAD00710C09 /* DBTable */ = {
			isa = PBXGroup;
			children = (
				117BC6891AB17FAD00710C09 /* Action_info.hpp */,
				117BC68A1AB17FAD00710C09 /* ActionTemp_info.hpp */,
				117BC68B1AB17FAD00710C09 /* ActiveTemp_info.hpp */,
				117BC68C1AB17FAD00710C09 /* Appell_info.hpp */,
				117BC68D1AB17FAD00710C09 /* BuildingTemp_info.hpp */,
				117BC68E1AB17FAD00710C09 /* Campaign_info.hpp */,
				117BC68F1AB17FAD00710C09 /* CampaignAnimLayer.hpp */,
				117BC6901AB17FAD00710C09 /* CampaignBufferTemp_info.hpp */,
				117BC6911AB17FAD00710C09 /* CampaignData.hpp */,
				117BC6921AB17FAD00710C09 /* CampaignNodeSkeleton.hpp */,
				117BC6931AB17FAD00710C09 /* ComposeTemp_info.hpp */,
				117BC6941AB17FAD00710C09 /* Config_info.hpp */,
				117BC6951AB17FAD00710C09 /* ConsortiaLevel_info.hpp */,
				117BC6961AB17FAD00710C09 /* DailyTaskActMgr_info.hpp */,
				117BC6971AB17FAD00710C09 /* DistrictDrop_info.hpp */,
				117BC6981AB17FAD00710C09 /* DropView_info.hpp */,
				117BC6991AB17FAD00710C09 /* EffectTemp_info.hpp */,
				117BC69A1AB17FAD00710C09 /* FirstChargeItem_info.hpp */,
				117BC69B1AB17FAD00710C09 /* GameHeroTemp_info.hpp */,
				117BC69C1AB17FAD00710C09 /* GradeDrop_info.hpp */,
				117BC69D1AB17FAD00710C09 /* GuideValueTemp_info.hpp */,
				117BC69E1AB17FAD00710C09 /* Hero_avatar.hpp */,
				117BC69F1AB17FAD00710C09 /* HeroAi_info.hpp */,
				117BC6A01AB17FAD00710C09 /* InviteGift_info.hpp */,
				117BC6A11AB17FAD00710C09 /* ItemTemp_info.hpp */,
				117BC6A41AB17FAD00710C09 /* KingContract_info.hpp */,
				117BC6A51AB17FAD00710C09 /* LeedTemp_info.hpp */,
				117BC6A61AB17FAD00710C09 /* Map_Convey.hpp */,
				117BC6A71AB17FAD00710C09 /* Map_info.hpp */,
				117BC6A81AB17FAD00710C09 /* MapPhysicsTemp_info.hpp */,
				117BC6A91AB17FAD00710C09 /* MarriageTree_Info.hpp */,
				117BC6AA1AB17FAD00710C09 /* MarrySpecTempInfo_info.hpp */,
				117BC6AB1AB17FAD00710C09 /* MountTemp_info.hpp */,
				117BC6AC1AB17FAD00710C09 /* Novice.hpp */,
				117BC6AD1AB17FAD00710C09 /* NoviceDialogue_story.hpp */,
				117BC6AE1AB17FAD00710C09 /* PawnTemp_info.hpp */,
				117BC6AF1AB17FAD00710C09 /* PetTemp_info.hpp */,
				117BC6B01AB17FAD00710C09 /* QuestCondition_info.hpp */,
				117BC6B11AB17FAD00710C09 /* QuestGoods_info.hpp */,
				117BC6B21AB17FAD00710C09 /* QuestTemp_info.hpp */,
				117BC6B31AB17FAD00710C09 /* RelationArea.hpp */,
				117BC6B41AB17FAD00710C09 /* RelationCity.hpp */,
				117BC6B51AB17FAD00710C09 /* RelationCountry.hpp */,
				117BC6B61AB17FAD00710C09 /* RelationProvince.hpp */,
				117BC6B71AB17FAD00710C09 /* RelationStar.hpp */,
				117BC6B81AB17FAD00710C09 /* ReloginDrop_info.hpp */,
				117BC6B91AB17FAD00710C09 /* RewardCondition_info.hpp */,
				117BC6BA1AB17FAD00710C09 /* RewardGoods_info.hpp */,
				117BC6BB1AB17FAD00710C09 /* RewardTemp_info.hpp */,
				117BC6BC1AB17FAD00710C09 /* RuneTemp_info.hpp */,
				117BC6BD1AB17FAD00710C09 /* ServerdayLeadparam.hpp */,
				117BC6BE1AB17FAD00710C09 /* SevendayReward_info.hpp */,
				117BC6BF1AB17FAD00710C09 /* ShopTemp_info.hpp */,
				117BC6C01AB17FAD00710C09 /* SimpLetask.hpp */,
				117BC6C11AB17FAD00710C09 /* SkillBufferTemp_info.hpp */,
				117BC6C21AB17FAD00710C09 /* SkillPropertyTemp_info.hpp */,
				117BC6C31AB17FAD00710C09 /* SkillTemp_info.hpp */,
				117BC6C41AB17FAD00710C09 /* SpecialTemp_info.hpp */,
				117BC6C51AB17FAD00710C09 /* StarTemp_info.hpp */,
				117BC6C61AB17FAD00710C09 /* SuiteTemp_info.hpp */,
				117BC6C71AB17FAD00710C09 /* t_s_dropcondition.hpp */,
				117BC6C81AB17FAD00710C09 /* t_s_dropitem.hpp */,
				117BC6C91AB17FAD00710C09 /* t_s_fashionidentify.hpp */,
				117BC6CA1AB17FAD00710C09 /* t_s_pettemplate.hpp */,
				117BC6CB1AB17FAD00710C09 /* TalentEffectTemp_info.hpp */,
				117BC6CC1AB17FAD00710C09 /* TimeDrop_info.hpp */,
				117BC6CD1AB17FAD00710C09 /* Transform_info.hpp */,
				117BC6CE1AB17FAD00710C09 /* UpGradeTemp_info.hpp */,
				117BC6CF1AB17FAD00710C09 /* VehicleBuffTemp_info.hpp */,
				117BC6D01AB17FAD00710C09 /* VehicleObjectTemp_info.hpp */,
				117BC6D11AB17FAD00710C09 /* VehicleSkillTemp_info.hpp */,
				117BC6D21AB17FAD00710C09 /* VipDrop_info.hpp */,
				117BC6D31AB17FAD00710C09 /* VipPrerogativeTemp_info.hpp */,
			);
			path = DBTable;
			sourceTree = "<group>";
		};
		11AF12E71AB01FE100EFCEAE /* Products */ = {
			isa = PBXGroup;
			children = (
				11AF12EE1AB01FE200EFCEAE /* libprotobuff-full-mac.a */,
				11AF12F01AB01FE200EFCEAE /* libprotobuff-full-ios.a */,
				11AF12F21AB01FE200EFCEAE /* libprotobuff-lite-ios.a */,
				11AF12F41AB01FE200EFCEAE /* libprotobuff-lite-mac.a */,
				11644DAB1AB0A1390059ECE2 /* protoc */,
			);
			name = Products;
			sourceTree = "<group>";
		};
		11AF12F61AB0205800EFCEAE /* model */ = {
			isa = PBXGroup;
			children = (
				11AF12F91AB0205800EFCEAE /* proto */,
			);
			path = model;
			sourceTree = "<group>";
		};
		11AF12F91AB0205800EFCEAE /* proto */ = {
			isa = PBXGroup;
			children = (
				11AF12FA1AB0205800EFCEAE /* box */,
			);
			path = proto;
			sourceTree = "<group>";
		};
		11AF12FA1AB0205800EFCEAE /* box */ = {
			isa = PBXGroup;
			children = (
				11644DAC1AB0A1450059ECE2 /* BoxMsg.pb.cpp */,
				11644DAD1AB0A1450059ECE2 /* BoxMsg.pb.h */,
				11644DAE1AB0A1450059ECE2 /* HangupInfo.pb.cpp */,
				11644DAF1AB0A1450059ECE2 /* HangupInfo.pb.h */,
				11AF12FD1AB0205800EFCEAE /* BoxMsg.proto */,
				11AF13001AB0205800EFCEAE /* HangupInfo.proto */,
			);
			path = box;
			sourceTree = "<group>";
		};
		11D341941AC3B096001FC9AD /* Discard */ = {
			isa = PBXGroup;
			children = (
			);
			name = Discard;
			sourceTree = "<group>";
		};
		11D341A01AC3BC70001FC9AD /* EventCommon */ = {
			isa = PBXGroup;
			children = (
				1199D9951AC2D6990091EAA2 /* CustomRootNodeReader.cpp */,
				1199D9961AC2D6990091EAA2 /* CustomRootNodeReader.h */,
			);
			name = EventCommon;
			sourceTree = "<group>";
		};
		11F78DDC1AA8430D008034E5 /* Login */ = {
			isa = PBXGroup;
			children = (
				1199D98C1AC2D6620091EAA2 /* CustomRootNode.cpp */,
				1199D98D1AC2D6620091EAA2 /* CustomRootNode.h */,
				11F78DC71AA80F74008034E5 /* LoginViewScene.cpp */,
				11F78DC81AA80F74008034E5 /* LoginViewScene.h */,
				1139F9851AA9B91E00E7530C /* LoginUtil.cpp */,
				1139F9861AA9B91E00E7530C /* LoginUtil.h */,
			);
			name = Login;
			sourceTree = "<group>";
		};
		19C28FACFE9D520D11CA2CBB /* Products */ = {
			isa = PBXGroup;
			children = (
				1D6058910D05DD3D006BFB54 /* Relive iOS.app */,
				5087E76F17EB910900C73F5D /* Relive Mac.app */,
			);
			name = Products;
			sourceTree = "<group>";
		};
		1AC6FAE6180E9839004C840B /* Products */ = {
			isa = PBXGroup;
			children = (
				1AC6FAF9180E9839004C840B /* libcocos2d Mac.a */,
				1AC6FB07180E9839004C840B /* libcocos2d iOS.a */,
			);
			name = Products;
			sourceTree = "<group>";
		};
		29B97314FDCFA39411CA2CEA /* CustomTemplate */ = {
			isa = PBXGroup;
			children = (
				46880B8319C43A87006E1F66 /* Classes */,
				46880B7519C43A67006E1F66 /* Resources */,
				11AF12E61AB01FE100EFCEAE /* protoc.xcodeproj */,
				1AC6FAE5180E9839004C840B /* cocos2d_libs.xcodeproj */,
				29B97323FDCFA39411CA2CEA /* Frameworks */,
				080E96DDFE201D6D7F000001 /* ios */,
				503AE10617EB990700D1A890 /* mac */,
				19C28FACFE9D520D11CA2CBB /* Products */,
			);
			name = CustomTemplate;
			sourceTree = "<group>";
		};
		29B97323FDCFA39411CA2CEA /* Frameworks */ = {
			isa = PBXGroup;
			children = (
				117BC70C1AB1C18B00710C09 /* libsqlite3.dylib */,
				117BC6FA1AB18F3000710C09 /* libsqlite3.0.dylib */,
				117BC6F81AB18F1C00710C09 /* libsqlite3.0.dylib */,
				117BC6191AB17EC300710C09 /* libsqlite3.dylib */,
				52B47A461A53D09B004E4C60 /* Security.framework */,
				D6B0611A1803AB670077942B /* CoreMotion.framework */,
				503AE11A17EB9C5A00D1A890 /* IOKit.framework */,
				503AE11117EB99EE00D1A890 /* libcurl.dylib */,
				5087E78A17EB975400C73F5D /* OpenGL.framework */,
				5087E78817EB974C00C73F5D /* AppKit.framework */,
				1ACB3243164770DE00914215 /* libcurl.a */,
				BF170DB412928DE900B8313A /* libz.dylib */,
				D44C620F132DFF4E0009C878 /* AudioToolbox.framework */,
				D44C620D132DFF430009C878 /* AVFoundation.framework */,
				288765A40DF7441C002DB57D /* CoreGraphics.framework */,
				1D30AB110D05D00D00671497 /* Foundation.framework */,
				D44C620B132DFF330009C878 /* OpenAL.framework */,
				BF170DB012928DE900B8313A /* OpenGLES.framework */,
				BF1C47EA1293683800B63C5D /* QuartzCore.framework */,
				1DF5F4DF0D08C38300B7A737 /* UIKit.framework */,
			);
			name = Frameworks;
			sourceTree = "<group>";
		};
		46880B7519C43A67006E1F66 /* Resources */ = {
			isa = PBXGroup;
			children = (
				117BC6161AB17E9700710C09 /* db */,
				1139F90D1AA9876300E7530C /* config.plist */,
				521A8EA819F11F5000D177D7 /* fonts */,
				3EACC98E19EE6D4300EB3C5E /* res */,
				46880B7619C43A67006E1F66 /* CloseNormal.png */,
				46880B7719C43A67006E1F66 /* CloseSelected.png */,
				46880B7A19C43A67006E1F66 /* HelloWorld.png */,
			);
			name = Resources;
			path = ../Resources;
			sourceTree = "<group>";
		};
		46880B8319C43A87006E1F66 /* Classes */ = {
			isa = PBXGroup;
			children = (
				1139F9101AA98DAE00E7530C /* Common */,
				11F78DDC1AA8430D008034E5 /* Login */,
				46880B8419C43A87006E1F66 /* AppDelegate.cpp */,
				46880B8519C43A87006E1F66 /* AppDelegate.h */,
			);
			name = Classes;
			path = ../Classes;
			sourceTree = "<group>";
		};
		503AE0F517EB97AB00D1A890 /* Icons */ = {
			isa = PBXGroup;
			children = (
				503AE0F617EB97AB00D1A890 /* Icon.icns */,
				503AE0F717EB97AB00D1A890 /* Info.plist */,
			);
			name = Icons;
			path = mac;
			sourceTree = SOURCE_ROOT;
		};
		503AE10617EB990700D1A890 /* mac */ = {
			isa = PBXGroup;
			children = (
				503AE0F517EB97AB00D1A890 /* Icons */,
				503AE10317EB98FF00D1A890 /* main.cpp */,
				503AE10417EB98FF00D1A890 /* Prefix.pch */,
			);
			name = mac;
			sourceTree = "<group>";
		};
		5087E77117EB970100C73F5D /* Icons */ = {
			isa = PBXGroup;
			children = (
				521A8E6219F0C34300D177D7 /* Default-667h@2x.png */,
				521A8E6319F0C34300D177D7 /* Default-736h@3x.png */,
				5087E77217EB970100C73F5D /* Default-568h@2x.png */,
				5087E77317EB970100C73F5D /* Default.png */,
				5087E77417EB970100C73F5D /* Default@2x.png */,
				50EF62A017ECD613001EB2F8 /* Icon-29.png */,
				50EF62A117ECD613001EB2F8 /* Icon-50.png */,
				50EF629217ECD46A001EB2F8 /* Icon-40.png */,
				50EF629317ECD46A001EB2F8 /* Icon-58.png */,
				50EF629417ECD46A001EB2F8 /* Icon-80.png */,
				50EF629517ECD46A001EB2F8 /* Icon-100.png */,
				5087E77517EB970100C73F5D /* Icon-114.png */,
				5087E77617EB970100C73F5D /* Icon-120.png */,
				5087E77717EB970100C73F5D /* Icon-144.png */,
				5087E77817EB970100C73F5D /* Icon-152.png */,
				5087E77917EB970100C73F5D /* Icon-57.png */,
				5087E77A17EB970100C73F5D /* Icon-72.png */,
				5087E77B17EB970100C73F5D /* Icon-76.png */,
				5087E77C17EB970100C73F5D /* Info.plist */,
			);
			name = Icons;
			path = ios;
			sourceTree = SOURCE_ROOT;
		};
/* End PBXGroup section */

/* Begin PBXNativeTarget section */
		1D6058900D05DD3D006BFB54 /* Relive iOS */ = {
			isa = PBXNativeTarget;
			buildConfigurationList = 1D6058960D05DD3E006BFB54 /* Build configuration list for PBXNativeTarget "Relive iOS" */;
			buildPhases = (
				1D60588D0D05DD3D006BFB54 /* Resources */,
				1D60588E0D05DD3D006BFB54 /* Sources */,
				1D60588F0D05DD3D006BFB54 /* Frameworks */,
			);
			buildRules = (
			);
			dependencies = (
				1AC6FB25180E99E1004C840B /* PBXTargetDependency */,
			);
			name = "Relive iOS";
			productName = iphone;
			productReference = 1D6058910D05DD3D006BFB54 /* Relive iOS.app */;
			productType = "com.apple.product-type.application";
		};
		5087E73D17EB910900C73F5D /* Relive Mac */ = {
			isa = PBXNativeTarget;
			buildConfigurationList = 5087E76C17EB910900C73F5D /* Build configuration list for PBXNativeTarget "Relive Mac" */;
			buildPhases = (
				5087E74817EB910900C73F5D /* Resources */,
				5087E75617EB910900C73F5D /* Sources */,
				5087E75C17EB910900C73F5D /* Frameworks */,
			);
			buildRules = (
			);
			dependencies = (
				1AC6FB16180E9959004C840B /* PBXTargetDependency */,
			);
			name = "Relive Mac";
			productName = iphone;
			productReference = 5087E76F17EB910900C73F5D /* Relive Mac.app */;
			productType = "com.apple.product-type.application";
		};
/* End PBXNativeTarget section */

/* Begin PBXProject section */
		29B97313FDCFA39411CA2CEA /* Project object */ = {
			isa = PBXProject;
			attributes = {
				LastUpgradeCheck = 0500;
				TargetAttributes = {
					1D6058900D05DD3D006BFB54 = {
						DevelopmentTeam = MDDB52YB8L;
					};
				};
			};
			buildConfigurationList = C01FCF4E08A954540054247B /* Build configuration list for PBXProject "Relive" */;
			compatibilityVersion = "Xcode 3.2";
			developmentRegion = English;
			hasScannedForEncodings = 1;
			knownRegions = (
				English,
				Japanese,
				French,
				German,
			);
			mainGroup = 29B97314FDCFA39411CA2CEA /* CustomTemplate */;
			projectDirPath = "";
			projectReferences = (
				{
					ProductGroup = 1AC6FAE6180E9839004C840B /* Products */;
					ProjectRef = 1AC6FAE5180E9839004C840B /* cocos2d_libs.xcodeproj */;
				},
				{
					ProductGroup = 11AF12E71AB01FE100EFCEAE /* Products */;
					ProjectRef = 11AF12E61AB01FE100EFCEAE /* protoc.xcodeproj */;
				},
			);
			projectRoot = "";
			targets = (
				1D6058900D05DD3D006BFB54 /* Relive iOS */,
				5087E73D17EB910900C73F5D /* Relive Mac */,
			);
		};
/* End PBXProject section */

/* Begin PBXReferenceProxy section */
		11644DAB1AB0A1390059ECE2 /* protoc */ = {
			isa = PBXReferenceProxy;
			fileType = "compiled.mach-o.executable";
			path = protoc;
			remoteRef = 11644DAA1AB0A1390059ECE2 /* PBXContainerItemProxy */;
			sourceTree = BUILT_PRODUCTS_DIR;
		};
		11AF12EE1AB01FE200EFCEAE /* libprotobuff-full-mac.a */ = {
			isa = PBXReferenceProxy;
			fileType = archive.ar;
			path = "libprotobuff-full-mac.a";
			remoteRef = 11AF12ED1AB01FE200EFCEAE /* PBXContainerItemProxy */;
			sourceTree = BUILT_PRODUCTS_DIR;
		};
		11AF12F01AB01FE200EFCEAE /* libprotobuff-full-ios.a */ = {
			isa = PBXReferenceProxy;
			fileType = archive.ar;
			path = "libprotobuff-full-ios.a";
			remoteRef = 11AF12EF1AB01FE200EFCEAE /* PBXContainerItemProxy */;
			sourceTree = BUILT_PRODUCTS_DIR;
		};
		11AF12F21AB01FE200EFCEAE /* libprotobuff-lite-ios.a */ = {
			isa = PBXReferenceProxy;
			fileType = archive.ar;
			path = "libprotobuff-lite-ios.a";
			remoteRef = 11AF12F11AB01FE200EFCEAE /* PBXContainerItemProxy */;
			sourceTree = BUILT_PRODUCTS_DIR;
		};
		11AF12F41AB01FE200EFCEAE /* libprotobuff-lite-mac.a */ = {
			isa = PBXReferenceProxy;
			fileType = archive.ar;
			path = "libprotobuff-lite-mac.a";
			remoteRef = 11AF12F31AB01FE200EFCEAE /* PBXContainerItemProxy */;
			sourceTree = BUILT_PRODUCTS_DIR;
		};
		1AC6FAF9180E9839004C840B /* libcocos2d Mac.a */ = {
			isa = PBXReferenceProxy;
			fileType = archive.ar;
			path = "libcocos2d Mac.a";
			remoteRef = 1AC6FAF8180E9839004C840B /* PBXContainerItemProxy */;
			sourceTree = BUILT_PRODUCTS_DIR;
		};
		1AC6FB07180E9839004C840B /* libcocos2d iOS.a */ = {
			isa = PBXReferenceProxy;
			fileType = archive.ar;
			path = "libcocos2d iOS.a";
			remoteRef = 1AC6FB06180E9839004C840B /* PBXContainerItemProxy */;
			sourceTree = BUILT_PRODUCTS_DIR;
		};
/* End PBXReferenceProxy section */

/* Begin PBXResourcesBuildPhase section */
		1D60588D0D05DD3D006BFB54 /* Resources */ = {
			isa = PBXResourcesBuildPhase;
			buildActionMask = 2147483647;
			files = (
				117BC6171AB17E9700710C09 /* db in Resources */,
				5087E78117EB970100C73F5D /* Icon-120.png in Resources */,
				5087E78617EB970100C73F5D /* Icon-76.png in Resources */,
				5087E77F17EB970100C73F5D /* Default@2x.png in Resources */,
				11AF13081AB0205800EFCEAE /* BoxMsg.proto in Resources */,
				50EF629917ECD46A001EB2F8 /* Icon-100.png in Resources */,
				5087E78317EB970100C73F5D /* Icon-152.png in Resources */,
				46880B8119C43A67006E1F66 /* HelloWorld.png in Resources */,
				46880B7D19C43A67006E1F66 /* CloseSelected.png in Resources */,
				5087E77D17EB970100C73F5D /* Default-568h@2x.png in Resources */,
				5087E78517EB970100C73F5D /* Icon-72.png in Resources */,
				521A8E6519F0C34300D177D7 /* Default-736h@3x.png in Resources */,
				521A8EA919F11F5000D177D7 /* fonts in Resources */,
				50EF62A317ECD613001EB2F8 /* Icon-50.png in Resources */,
				5087E78017EB970100C73F5D /* Icon-114.png in Resources */,
				50EF62A217ECD613001EB2F8 /* Icon-29.png in Resources */,
				50EF629617ECD46A001EB2F8 /* Icon-40.png in Resources */,
				5087E78217EB970100C73F5D /* Icon-144.png in Resources */,
				3EACC98F19EE6D4300EB3C5E /* res in Resources */,
				50EF629817ECD46A001EB2F8 /* Icon-80.png in Resources */,
				5087E78417EB970100C73F5D /* Icon-57.png in Resources */,
				5087E77E17EB970100C73F5D /* Default.png in Resources */,
				1139F90E1AA9876300E7530C /* config.plist in Resources */,
				521A8E6419F0C34300D177D7 /* Default-667h@2x.png in Resources */,
				11AF130C1AB0205800EFCEAE /* HangupInfo.proto in Resources */,
				46880B7B19C43A67006E1F66 /* CloseNormal.png in Resources */,
				50EF629717ECD46A001EB2F8 /* Icon-58.png in Resources */,
			);
			runOnlyForDeploymentPostprocessing = 0;
		};
		5087E74817EB910900C73F5D /* Resources */ = {
			isa = PBXResourcesBuildPhase;
			buildActionMask = 2147483647;
			files = (
				117BC6181AB17E9700710C09 /* db in Resources */,
				1139F90F1AA9876300E7530C /* config.plist in Resources */,
				46880B8219C43A67006E1F66 /* HelloWorld.png in Resources */,
				11AF130D1AB0205800EFCEAE /* HangupInfo.proto in Resources */,
				11AF13091AB0205800EFCEAE /* BoxMsg.proto in Resources */,
				503AE0F817EB97AB00D1A890 /* Icon.icns in Resources */,
				3EACC99019EE6D4300EB3C5E /* res in Resources */,
				521A8EAA19F11F5000D177D7 /* fonts in Resources */,
				46880B7C19C43A67006E1F66 /* CloseNormal.png in Resources */,
				46880B7E19C43A67006E1F66 /* CloseSelected.png in Resources */,
			);
			runOnlyForDeploymentPostprocessing = 0;
		};
/* End PBXResourcesBuildPhase section */

/* Begin PBXSourcesBuildPhase section */
		1D60588E0D05DD3D006BFB54 /* Sources */ = {
			isa = PBXSourcesBuildPhase;
			buildActionMask = 2147483647;
			files = (
				1139F9871AA9B91E00E7530C /* LoginUtil.cpp in Sources */,
				117BC6F61AB1849900710C09 /* HLStringUtil.cpp in Sources */,
				46880B8819C43A87006E1F66 /* AppDelegate.cpp in Sources */,
				11F78DC91AA80F74008034E5 /* LoginViewScene.cpp in Sources */,
				1139F97E1AA9A5BD00E7530C /* sha1.cpp in Sources */,
				503AE10017EB989F00D1A890 /* AppController.mm in Sources */,
				11644DB21AB0A1450059ECE2 /* HangupInfo.pb.cpp in Sources */,
				117BC6FD1AB18F9100710C09 /* DataBaseHelper.cpp in Sources */,
				1199D98E1AC2D6620091EAA2 /* CustomRootNode.cpp in Sources */,
				503AE10217EB989F00D1A890 /* RootViewController.mm in Sources */,
				11644DB01AB0A1450059ECE2 /* BoxMsg.pb.cpp in Sources */,
				1139F97C1AA9A5BD00E7530C /* md5.cpp in Sources */,
				1139F9781AA9A5BD00E7530C /* libb64.c in Sources */,
				1139F9831AA9B32D00E7530C /* md5String.cpp in Sources */,
				503AE10117EB989F00D1A890 /* main.m in Sources */,
				1199D9971AC2D6990091EAA2 /* CustomRootNodeReader.cpp in Sources */,
				1139F97A1AA9A5BD00E7530C /* CCSafety.cpp in Sources */,
			);
			runOnlyForDeploymentPostprocessing = 0;
		};
		5087E75617EB910900C73F5D /* Sources */ = {
			isa = PBXSourcesBuildPhase;
			buildActionMask = 2147483647;
			files = (
				1199D98F1AC2D6620091EAA2 /* CustomRootNode.cpp in Sources */,
				1139F97D1AA9A5BD00E7530C /* md5.cpp in Sources */,
				1139F9791AA9A5BD00E7530C /* libb64.c in Sources */,
				1139F97B1AA9A5BD00E7530C /* CCSafety.cpp in Sources */,
				1139F9841AA9B32D00E7530C /* md5String.cpp in Sources */,
				1199D9981AC2D6990091EAA2 /* CustomRootNodeReader.cpp in Sources */,
				1139F97F1AA9A5BD00E7530C /* sha1.cpp in Sources */,
				117BC6F71AB1849900710C09 /* HLStringUtil.cpp in Sources */,
				46880B8919C43A87006E1F66 /* AppDelegate.cpp in Sources */,
				503AE10517EB98FF00D1A890 /* main.cpp in Sources */,
				11F78DCA1AA80F74008034E5 /* LoginViewScene.cpp in Sources */,
				117BC6FE1AB18F9100710C09 /* DataBaseHelper.cpp in Sources */,
				11644DB11AB0A1450059ECE2 /* BoxMsg.pb.cpp in Sources */,
				1139F9881AA9B91E00E7530C /* LoginUtil.cpp in Sources */,
				11644DB31AB0A1450059ECE2 /* HangupInfo.pb.cpp in Sources */,
			);
			runOnlyForDeploymentPostprocessing = 0;
		};
/* End PBXSourcesBuildPhase section */

/* Begin PBXTargetDependency section */
		1AC6FB16180E9959004C840B /* PBXTargetDependency */ = {
			isa = PBXTargetDependency;
			name = "cocos2dx Mac";
			targetProxy = 1AC6FB15180E9959004C840B /* PBXContainerItemProxy */;
		};
		1AC6FB25180E99E1004C840B /* PBXTargetDependency */ = {
			isa = PBXTargetDependency;
			name = "cocos2dx iOS";
			targetProxy = 1AC6FB24180E99E1004C840B /* PBXContainerItemProxy */;
		};
/* End PBXTargetDependency section */

/* Begin XCBuildConfiguration section */
		1D6058940D05DD3E006BFB54 /* Debug */ = {
			isa = XCBuildConfiguration;
			buildSettings = {
				ALWAYS_SEARCH_USER_PATHS = YES;
				CLANG_CXX_LANGUAGE_STANDARD = "gnu++0x";
				CODE_SIGN_IDENTITY = "iPhone Distribution: TuYou Technology Co. Ltd";
				COMPRESS_PNG_FILES = NO;
				GCC_DYNAMIC_NO_PIC = NO;
				GCC_INLINES_ARE_PRIVATE_EXTERN = NO;
				GCC_PRECOMPILE_PREFIX_HEADER = YES;
				GCC_PREFIX_HEADER = ios/Prefix.pch;
				GCC_PREPROCESSOR_DEFINITIONS = (
					USE_FILE32API,
					CC_TARGET_OS_IPHONE,
					"COCOS2D_DEBUG=1",
					"CC_ENABLE_CHIPMUNK_INTEGRATION=1",
					SQLITE_HAS_CODEC,
				);
				GCC_SYMBOLS_PRIVATE_EXTERN = NO;
				HEADER_SEARCH_PATHS = (
					"$(inherited)",
					"$(SRCROOT)/../cocos2d/cocos/platform/ios",
					"$(SRCROOT)/../cocos2d/cocos/platform/ios/Simulation",
					"\"$(SRCROOT)/../protobuf-2.5.0/src\"",
					"\"$(SRCROOT)/../Classes/Safety/openssl/ios/include\"",
				);
				INFOPLIST_FILE = ios/Info.plist;
				IPHONEOS_DEPLOYMENT_TARGET = 5.0;
				LIBRARY_SEARCH_PATHS = "\"$(SRCROOT)/../Classes/Safety/openssl/ios/lib\"";
				OTHER_LDFLAGS = (
					"$(_COCOS_LIB_IOS_BEGIN)",
					"$(_COCOS_LIB_IOS_END)",
				);
				PROVISIONING_PROFILE = "cf884670-a1bd-4a82-aba6-24c609c879fd";
				SDKROOT = iphoneos;
				TARGETED_DEVICE_FAMILY = "1,2";
				USER_HEADER_SEARCH_PATHS = "$(_COCOS_HEADER_IOS_BEGIN) $(_COCOS_HEADER_IOS_END)";
				VALID_ARCHS = "arm64 armv7";
			};
			name = Debug;
		};
		1D6058950D05DD3E006BFB54 /* Release */ = {
			isa = XCBuildConfiguration;
			buildSettings = {
				ALWAYS_SEARCH_USER_PATHS = YES;
				CLANG_CXX_LANGUAGE_STANDARD = "gnu++0x";
				CODE_SIGN_IDENTITY = "iPhone Distribution: TuYou Technology Co. Ltd";
				COMPRESS_PNG_FILES = NO;
				GCC_INLINES_ARE_PRIVATE_EXTERN = NO;
				GCC_PRECOMPILE_PREFIX_HEADER = YES;
				GCC_PREFIX_HEADER = ios/Prefix.pch;
				GCC_PREPROCESSOR_DEFINITIONS = (
					USE_FILE32API,
					CC_TARGET_OS_IPHONE,
					"CC_ENABLE_CHIPMUNK_INTEGRATION=1",
					SQLITE_HAS_CODEC,
				);
				GCC_SYMBOLS_PRIVATE_EXTERN = NO;
				HEADER_SEARCH_PATHS = (
					"$(inherited)",
					"$(SRCROOT)/../cocos2d/cocos/platform/ios",
					"$(SRCROOT)/../cocos2d/cocos/platform/ios/Simulation",
					"\"$(SRCROOT)/../protobuf-2.5.0/src\"",
					"\"$(SRCROOT)/../Classes/Safety/openssl/ios/include\"",
				);
				INFOPLIST_FILE = ios/Info.plist;
				IPHONEOS_DEPLOYMENT_TARGET = 5.0;
				LIBRARY_SEARCH_PATHS = "\"$(SRCROOT)/../Classes/Safety/openssl/ios/lib\"";
				OTHER_LDFLAGS = (
					"$(_COCOS_LIB_IOS_BEGIN)",
					"$(_COCOS_LIB_IOS_END)",
				);
				PROVISIONING_PROFILE = "cf884670-a1bd-4a82-aba6-24c609c879fd";
				SDKROOT = iphoneos;
				TARGETED_DEVICE_FAMILY = "1,2";
				USER_HEADER_SEARCH_PATHS = "$(_COCOS_HEADER_IOS_BEGIN) $(_COCOS_HEADER_IOS_END)";
				VALID_ARCHS = "arm64 armv7";
			};
			name = Release;
		};
		5087E76D17EB910900C73F5D /* Debug */ = {
			isa = XCBuildConfiguration;
			buildSettings = {
				ALWAYS_SEARCH_USER_PATHS = YES;
				ARCHS = "$(ARCHS_STANDARD_64_BIT)";
				CLANG_CXX_LANGUAGE_STANDARD = "gnu++0x";
				CLANG_CXX_LIBRARY = "libc++";
				CODE_SIGN_IDENTITY = "";
				GCC_DYNAMIC_NO_PIC = NO;
				GCC_INLINES_ARE_PRIVATE_EXTERN = NO;
				GCC_PRECOMPILE_PREFIX_HEADER = YES;
				GCC_PREFIX_HEADER = mac/Prefix.pch;
				GCC_PREPROCESSOR_DEFINITIONS = (
					USE_FILE32API,
					CC_TARGET_OS_MAC,
					"COCOS2D_DEBUG=1",
					"CC_ENABLE_CHIPMUNK_INTEGRATION=1",
				);
				GCC_SYMBOLS_PRIVATE_EXTERN = NO;
				HEADER_SEARCH_PATHS = (
					"$(inherited)",
					"$(SRCROOT)/../cocos2d/cocos/platform/mac",
					"$(SRCROOT)/../cocos2d/external/glfw3/include/mac",
					"\"$(SRCROOT)/../protobuf-2.5.0/src\"",
					"\"$(SRCROOT)/../Classes/Safety/openssl/mac/include\"",
				);
				INFOPLIST_FILE = mac/Info.plist;
				LIBRARY_SEARCH_PATHS = "\"$(SRCROOT)/../Classes/Safety/openssl/mac/lib\"";
				OTHER_LDFLAGS = (
					"$(_COCOS_LIB_MAC_BEGIN)",
					"$(_COCOS_LIB_MAC_END)",
				);
				PROVISIONING_PROFILE = "";
				USER_HEADER_SEARCH_PATHS = "$(_COCOS_HEADER_MAC_BEGIN) $(_COCOS_HEADER_MAC_END)";
			};
			name = Debug;
		};
		5087E76E17EB910900C73F5D /* Release */ = {
			isa = XCBuildConfiguration;
			buildSettings = {
				ALWAYS_SEARCH_USER_PATHS = YES;
				ARCHS = "$(ARCHS_STANDARD_64_BIT)";
				CLANG_CXX_LANGUAGE_STANDARD = "gnu++0x";
				CLANG_CXX_LIBRARY = "libc++";
				CODE_SIGN_IDENTITY = "";
				GCC_INLINES_ARE_PRIVATE_EXTERN = NO;
				GCC_PRECOMPILE_PREFIX_HEADER = YES;
				GCC_PREFIX_HEADER = mac/Prefix.pch;
				GCC_PREPROCESSOR_DEFINITIONS = (
					USE_FILE32API,
					CC_TARGET_OS_MAC,
					"CC_ENABLE_CHIPMUNK_INTEGRATION=1",
				);
				GCC_SYMBOLS_PRIVATE_EXTERN = NO;
				HEADER_SEARCH_PATHS = (
					"$(inherited)",
					"$(SRCROOT)/../cocos2d/cocos/platform/mac",
					"$(SRCROOT)/../cocos2d/external/glfw3/include/mac",
					"\"$(SRCROOT)/../protobuf-2.5.0/src\"",
					"\"$(SRCROOT)/../Classes/Safety/openssl/mac/include\"",
				);
				INFOPLIST_FILE = mac/Info.plist;
				LIBRARY_SEARCH_PATHS = "\"$(SRCROOT)/../Classes/Safety/openssl/mac/lib\"";
				OTHER_LDFLAGS = (
					"$(_COCOS_LIB_MAC_BEGIN)",
					"$(_COCOS_LIB_MAC_END)",
				);
				PROVISIONING_PROFILE = "";
				USER_HEADER_SEARCH_PATHS = "$(_COCOS_HEADER_MAC_BEGIN) $(_COCOS_HEADER_MAC_END)";
			};
			name = Release;
		};
		C01FCF4F08A954540054247B /* Debug */ = {
			isa = XCBuildConfiguration;
			buildSettings = {
				CLANG_CXX_LANGUAGE_STANDARD = "c++0x";
				CLANG_CXX_LIBRARY = "libc++";
				COPY_PHASE_STRIP = NO;
				GCC_OPTIMIZATION_LEVEL = 0;
				GCC_WARN_ABOUT_RETURN_TYPE = YES;
				GCC_WARN_UNUSED_VARIABLE = YES;
				HEADER_SEARCH_PATHS = (
					"$(SRCROOT)/../cocos2d",
					"$(SRCROOT)/../cocos2d/cocos",
					"$(SRCROOT)/../cocos2d/cocos/base",
					"$(SRCROOT)/../cocos2d/cocos/physics",
					"$(SRCROOT)/../cocos2d/cocos/math",
					"$(SRCROOT)/../cocos2d/cocos/2d",
					"$(SRCROOT)/../cocos2d/cocos/ui",
					"$(SRCROOT)/../cocos2d/cocos/network",
					"$(SRCROOT)/../cocos2d/cocos/audio/include",
					"$(SRCROOT)/../cocos2d/cocos/editor-support",
					"$(SRCROOT)/../cocos2d/extensions",
					"$(SRCROOT)/../cocos2d/external",
					"$(SRCROOT)/../cocos2d/external/chipmunk/include/chipmunk",
				);
				MACOSX_DEPLOYMENT_TARGET = 10.7;
				ONLY_ACTIVE_ARCH = YES;
				PRODUCT_NAME = "$(TARGET_NAME)";
				SDKROOT = macosx;
			};
			name = Debug;
		};
		C01FCF5008A954540054247B /* Release */ = {
			isa = XCBuildConfiguration;
			buildSettings = {
				CLANG_CXX_LANGUAGE_STANDARD = "c++0x";
				CLANG_CXX_LIBRARY = "libc++";
				GCC_WARN_ABOUT_RETURN_TYPE = YES;
				GCC_WARN_UNUSED_VARIABLE = YES;
				HEADER_SEARCH_PATHS = (
					"$(SRCROOT)/../cocos2d",
					"$(SRCROOT)/../cocos2d/cocos",
					"$(SRCROOT)/../cocos2d/cocos/base",
					"$(SRCROOT)/../cocos2d/cocos/physics",
					"$(SRCROOT)/../cocos2d/cocos/math",
					"$(SRCROOT)/../cocos2d/cocos/2d",
					"$(SRCROOT)/../cocos2d/cocos/ui",
					"$(SRCROOT)/../cocos2d/cocos/network",
					"$(SRCROOT)/../cocos2d/cocos/audio/include",
					"$(SRCROOT)/../cocos2d/cocos/editor-support",
					"$(SRCROOT)/../cocos2d/extensions",
					"$(SRCROOT)/../cocos2d/external",
					"$(SRCROOT)/../cocos2d/external/chipmunk/include/chipmunk",
				);
				MACOSX_DEPLOYMENT_TARGET = 10.7;
				OTHER_CFLAGS = "-DNS_BLOCK_ASSERTIONS=1";
				PRODUCT_NAME = "$(TARGET_NAME)";
				SDKROOT = macosx;
				VALIDATE_PRODUCT = YES;
			};
			name = Release;
		};
/* End XCBuildConfiguration section */

/* Begin XCConfigurationList section */
		1D6058960D05DD3E006BFB54 /* Build configuration list for PBXNativeTarget "Relive iOS" */ = {
			isa = XCConfigurationList;
			buildConfigurations = (
				1D6058940D05DD3E006BFB54 /* Debug */,
				1D6058950D05DD3E006BFB54 /* Release */,
			);
			defaultConfigurationIsVisible = 0;
			defaultConfigurationName = Debug;
		};
		5087E76C17EB910900C73F5D /* Build configuration list for PBXNativeTarget "Relive Mac" */ = {
			isa = XCConfigurationList;
			buildConfigurations = (
				5087E76D17EB910900C73F5D /* Debug */,
				5087E76E17EB910900C73F5D /* Release */,
			);
			defaultConfigurationIsVisible = 0;
			defaultConfigurationName = Debug;
		};
		C01FCF4E08A954540054247B /* Build configuration list for PBXProject "Relive" */ = {
			isa = XCConfigurationList;
			buildConfigurations = (
				C01FCF4F08A954540054247B /* Debug */,
				C01FCF5008A954540054247B /* Release */,
			);
			defaultConfigurationIsVisible = 0;
			defaultConfigurationName = Debug;
		};
/* End XCConfigurationList section */
	};
	rootObject = 29B97313FDCFA39411CA2CEA /* Project object */;
}
